// !$*UTF8*$!
{
	archiveVersion = 1;
	classes = {
	};
	objectVersion = 46;
	objects = {

/* Begin PBXBuildFile section */
		E00457A020D0AEFE005AFB15 /* LaunchScreen.xib in Resources */ = {isa = PBXBuildFile; fileRef = E004579E20D0AEFE005AFB15 /* LaunchScreen.xib */; };
		E00457A120D0AEFE005AFB15 /* Main.storyboard in Resources */ = {isa = PBXBuildFile; fileRef = E004579F20D0AEFE005AFB15 /* Main.storyboard */; };
		E00457A720D0B130005AFB15 /* screen1.png in Resources */ = {isa = PBXBuildFile; fileRef = E00457A420D0B130005AFB15 /* screen1.png */; };
		E00457A820D0B130005AFB15 /* screen3.png in Resources */ = {isa = PBXBuildFile; fileRef = E00457A520D0B130005AFB15 /* screen3.png */; };
		E00457A920D0B130005AFB15 /* screen2.png in Resources */ = {isa = PBXBuildFile; fileRef = E00457A620D0B130005AFB15 /* screen2.png */; };
		E00CBAD11AF6C0FD00DAD03B /* DefaultDetailView.xib in Resources */ = {isa = PBXBuildFile; fileRef = E00CBAD01AF6C0FD00DAD03B /* DefaultDetailView.xib */; };
		E01001D61B02ECB70049A3B9 /* ApplicationState.swift in Sources */ = {isa = PBXBuildFile; fileRef = E01001D51B02ECB70049A3B9 /* ApplicationState.swift */; };
		E01001DE1B0598D10049A3B9 /* DefaultFavoritesView.xib in Resources */ = {isa = PBXBuildFile; fileRef = E01001DD1B0598D10049A3B9 /* DefaultFavoritesView.xib */; };
		E01001E01B05AACE0049A3B9 /* UIView+.swift in Sources */ = {isa = PBXBuildFile; fileRef = E01001DF1B05AACE0049A3B9 /* UIView+.swift */; };
		E01001E61B068A3D0049A3B9 /* MessageUI.framework in Frameworks */ = {isa = PBXBuildFile; fileRef = E01001E51B068A3D0049A3B9 /* MessageUI.framework */; };
		E01001E81B0698F80049A3B9 /* cp-reversed.png in Resources */ = {isa = PBXBuildFile; fileRef = E01001E71B0698F80049A3B9 /* cp-reversed.png */; };
		E01786AC1B0139ED0022F8E2 /* InscribedCell.xib in Resources */ = {isa = PBXBuildFile; fileRef = E01786AB1B0139ED0022F8E2 /* InscribedCell.xib */; };
		E01786AE1B0139F70022F8E2 /* InscribedCell.swift in Sources */ = {isa = PBXBuildFile; fileRef = E01786AD1B0139F70022F8E2 /* InscribedCell.swift */; };
		E01D1D021B00503200ABB9DF /* foldOutAnimator.swift in Sources */ = {isa = PBXBuildFile; fileRef = E01D1D011B00503200ABB9DF /* foldOutAnimator.swift */; };
		E023FBE81AE5AABF00E8DBAC /* UIFont+.swift in Sources */ = {isa = PBXBuildFile; fileRef = E023FBE71AE5AABF00E8DBAC /* UIFont+.swift */; };
		E02549C11B0C3D1000A329E9 /* WhitakerCache.swift in Sources */ = {isa = PBXBuildFile; fileRef = E02549C01B0C3D1000A329E9 /* WhitakerCache.swift */; };
		E028AC431A98344F0058D9A1 /* AbbreviationCell.swift in Sources */ = {isa = PBXBuildFile; fileRef = E028AC421A98344F0058D9A1 /* AbbreviationCell.swift */; };
		E028AC4B1A99244A0058D9A1 /* UnsearchablesViewController.swift in Sources */ = {isa = PBXBuildFile; fileRef = E028AC4A1A99244A0058D9A1 /* UnsearchablesViewController.swift */; };
		E028AC4D1A99251D0058D9A1 /* AbbreviationCell.xib in Resources */ = {isa = PBXBuildFile; fileRef = E028AC4C1A99251D0058D9A1 /* AbbreviationCell.xib */; };
		E03ADFEE1AF6CD41002CFD5C /* BasicCell.swift in Sources */ = {isa = PBXBuildFile; fileRef = E03ADFED1AF6CD41002CFD5C /* BasicCell.swift */; };
		E048416C1BC46B9300B6F06F /* ModalWebView.xib in Resources */ = {isa = PBXBuildFile; fileRef = E048416B1BC46B9300B6F06F /* ModalWebView.xib */; };
		E04841701BC46BBB00B6F06F /* ModalWebViewController.m in Sources */ = {isa = PBXBuildFile; fileRef = E048416F1BC46BBB00B6F06F /* ModalWebViewController.m */; };
		E04841731BC46C0C00B6F06F /* bootstrap.css in Resources */ = {isa = PBXBuildFile; fileRef = E04841711BC46C0C00B6F06F /* bootstrap.css */; };
		E04841741BC46C0C00B6F06F /* about.html in Resources */ = {isa = PBXBuildFile; fileRef = E04841721BC46C0C00B6F06F /* about.html */; };
		E04B6F281AF9549900FA668F /* WhitakerDefinition.swift in Sources */ = {isa = PBXBuildFile; fileRef = E04B6F251AF9549900FA668F /* WhitakerDefinition.swift */; };
		E04B6F291AF9549900FA668F /* WhitakerScraper.swift in Sources */ = {isa = PBXBuildFile; fileRef = E04B6F261AF9549900FA668F /* WhitakerScraper.swift */; };
		E04B6F2A1AF9549900FA668F /* WhitakerScraperDelegate.swift in Sources */ = {isa = PBXBuildFile; fileRef = E04B6F271AF9549900FA668F /* WhitakerScraperDelegate.swift */; };
		E04B6F2D1AF9558800FA668F /* String+.swift in Sources */ = {isa = PBXBuildFile; fileRef = E04B6F2C1AF9558800FA668F /* String+.swift */; };
		E04B6F381AF95B2100FA668F /* TFHpple.m in Sources */ = {isa = PBXBuildFile; fileRef = E04B6F351AF95B2100FA668F /* TFHpple.m */; };
		E04B6F391AF95B2100FA668F /* TFHppleElement.m in Sources */ = {isa = PBXBuildFile; fileRef = E04B6F361AF95B2100FA668F /* TFHppleElement.m */; };
		E04B6F3A1AF95B2100FA668F /* XPathQuery.m in Sources */ = {isa = PBXBuildFile; fileRef = E04B6F371AF95B2100FA668F /* XPathQuery.m */; };
		E04B6F3F1AF95BAF00FA668F /* libxml2.dylib in Frameworks */ = {isa = PBXBuildFile; fileRef = E04B6F3E1AF95BAF00FA668F /* libxml2.dylib */; };
		E04B6F421AF95E9000FA668F /* DefinitionViewController.swift in Sources */ = {isa = PBXBuildFile; fileRef = E04B6F411AF95E9000FA668F /* DefinitionViewController.swift */; };
		E04B6F441AF95EA900FA668F /* DefinitionCell.swift in Sources */ = {isa = PBXBuildFile; fileRef = E04B6F431AF95EA900FA668F /* DefinitionCell.swift */; };
		E0610DA61B0828D2006A4FBB /* smallModalAnimator.swift in Sources */ = {isa = PBXBuildFile; fileRef = E0610DA51B0828D2006A4FBB /* smallModalAnimator.swift */; };
		E0610DA81B082B78006A4FBB /* SpecialCoachController.swift in Sources */ = {isa = PBXBuildFile; fileRef = E0610DA71B082B78006A4FBB /* SpecialCoachController.swift */; };
		E0846DB41AC6658F0004E1B0 /* AbbreviationCollection.swift in Sources */ = {isa = PBXBuildFile; fileRef = E0846DB31AC6658F0004E1B0 /* AbbreviationCollection.swift */; };
		E096AFCC1AFABCAE002D6E5D /* BasicCell.xib in Resources */ = {isa = PBXBuildFile; fileRef = E096AFCB1AFABCAE002D6E5D /* BasicCell.xib */; };
		E096AFCE1AFAC041002D6E5D /* WhitakerResult.swift in Sources */ = {isa = PBXBuildFile; fileRef = E096AFCD1AFAC041002D6E5D /* WhitakerResult.swift */; };
		E0A49C131AC34AD5008DF28C /* b-strikethrough.png in Resources */ = {isa = PBXBuildFile; fileRef = E0A49BD31AC34AD5008DF28C /* b-strikethrough.png */; };
		E0A49C141AC34AD5008DF28C /* bb-strikethrough.png in Resources */ = {isa = PBXBuildFile; fileRef = E0A49BD41AC34AD5008DF28C /* bb-strikethrough.png */; };
		E0A49C151AC34AD5008DF28C /* bf-ligature.png in Resources */ = {isa = PBXBuildFile; fileRef = E0A49BD51AC34AD5008DF28C /* bf-ligature.png */; };
		E0A49C161AC34AD5008DF28C /* bf-strikethrough 3.png in Resources */ = {isa = PBXBuildFile; fileRef = E0A49BD61AC34AD5008DF28C /* bf-strikethrough 3.png */; };
		E0A49C171AC34AD5008DF28C /* bf-strikethrough.png in Resources */ = {isa = PBXBuildFile; fileRef = E0A49BD71AC34AD5008DF28C /* bf-strikethrough.png */; };
		E0A49C181AC34AD5008DF28C /* brace-right-mid.png in Resources */ = {isa = PBXBuildFile; fileRef = E0A49BD81AC34AD5008DF28C /* brace-right-mid.png */; };
		E0A49C191AC34AD5008DF28C /* c-double-vertical.png in Resources */ = {isa = PBXBuildFile; fileRef = E0A49BD91AC34AD5008DF28C /* c-double-vertical.png */; };
		E0A49C1A1AC34AD5008DF28C /* c-reversed-double-vertical.png in Resources */ = {isa = PBXBuildFile; fileRef = E0A49BDA1AC34AD5008DF28C /* c-reversed-double-vertical.png */; };
		E0A49C1B1AC34AD5008DF28C /* c-reversed-strikethrough.png in Resources */ = {isa = PBXBuildFile; fileRef = E0A49BDB1AC34AD5008DF28C /* c-reversed-strikethrough.png */; };
		E0A49C1C1AC34AD5008DF28C /* c-reversed.png in Resources */ = {isa = PBXBuildFile; fileRef = E0A49BDC1AC34AD5008DF28C /* c-reversed.png */; };
		E0A49C1D1AC34AD5008DF28C /* c-tiny.png in Resources */ = {isa = PBXBuildFile; fileRef = E0A49BDD1AC34AD5008DF28C /* c-tiny.png */; };
		E0A49C1E1AC34AD5008DF28C /* cc-reversed.png in Resources */ = {isa = PBXBuildFile; fileRef = E0A49BDE1AC34AD5008DF28C /* cc-reversed.png */; };
		E0A49C1F1AC34AD5008DF28C /* ccc-reversed.png in Resources */ = {isa = PBXBuildFile; fileRef = E0A49BDF1AC34AD5008DF28C /* ccc-reversed.png */; };
		E0A49C201AC34AD5008DF28C /* cccc-overline.png in Resources */ = {isa = PBXBuildFile; fileRef = E0A49BE01AC34AD5008DF28C /* cccc-overline.png */; };
		E0A49C221AC34AD5008DF28C /* ccl-reversed.png in Resources */ = {isa = PBXBuildFile; fileRef = E0A49BE21AC34AD5008DF28C /* ccl-reversed.png */; };
		E0A49C231AC34AD5008DF28C /* chevron-right.png in Resources */ = {isa = PBXBuildFile; fileRef = E0A49BE31AC34AD5008DF28C /* chevron-right.png */; };
		E0A49C241AC34AD5008DF28C /* circle-dotted.png in Resources */ = {isa = PBXBuildFile; fileRef = E0A49BE41AC34AD5008DF28C /* circle-dotted.png */; };
		E0A49C251AC34AD5008DF28C /* cl-reversed.png in Resources */ = {isa = PBXBuildFile; fileRef = E0A49BE51AC34AD5008DF28C /* cl-reversed.png */; };
		E0A49C261AC34AD5008DF28C /* cross.png in Resources */ = {isa = PBXBuildFile; fileRef = E0A49BE61AC34AD5008DF28C /* cross.png */; };
		E0A49C271AC34AD5008DF28C /* cs-reversed.png in Resources */ = {isa = PBXBuildFile; fileRef = E0A49BE71AC34AD5008DF28C /* cs-reversed.png */; };
		E0A49C281AC34AD5008DF28C /* csc-reversed.png in Resources */ = {isa = PBXBuildFile; fileRef = E0A49BE81AC34AD5008DF28C /* csc-reversed.png */; };
		E0A49C291AC34AD5008DF28C /* cscr-reversed.png in Resources */ = {isa = PBXBuildFile; fileRef = E0A49BE91AC34AD5008DF28C /* cscr-reversed.png */; };
		E0A49C2A1AC34AD5008DF28C /* ctra-reversed.png in Resources */ = {isa = PBXBuildFile; fileRef = E0A49BEA1AC34AD5008DF28C /* ctra-reversed.png */; };
		E0A49C2B1AC34AD5008DF28C /* cuns-ns-overline.png in Resources */ = {isa = PBXBuildFile; fileRef = E0A49BEB1AC34AD5008DF28C /* cuns-ns-overline.png */; };
		E0A49C2C1AC34AD5008DF28C /* cvr-star-fl.png in Resources */ = {isa = PBXBuildFile; fileRef = E0A49BEC1AC34AD5008DF28C /* cvr-star-fl.png */; };
		E0A49C2D1AC34AD5008DF28C /* d-strikethrough.png in Resources */ = {isa = PBXBuildFile; fileRef = E0A49BED1AC34AD5008DF28C /* d-strikethrough.png */; };
		E0A49C2E1AC34AD5008DF28C /* ii-overline.png in Resources */ = {isa = PBXBuildFile; fileRef = E0A49BEE1AC34AD5008DF28C /* ii-overline.png */; };
		E0A49C2F1AC34AD5008DF28C /* iiicl-reversed.png in Resources */ = {isa = PBXBuildFile; fileRef = E0A49BEF1AC34AD5008DF28C /* iiicl-reversed.png */; };
		E0A49C301AC34AD5008DF28C /* iiiiii-vir-aug.png in Resources */ = {isa = PBXBuildFile; fileRef = E0A49BF01AC34AD5008DF28C /* iiiiii-vir-aug.png */; };
		E0A49C311AC34AD5008DF28C /* iiiiii-vir.png in Resources */ = {isa = PBXBuildFile; fileRef = E0A49BF11AC34AD5008DF28C /* iiiiii-vir.png */; };
		E0A49C321AC34AD5008DF28C /* iiiiii.png in Resources */ = {isa = PBXBuildFile; fileRef = E0A49BF21AC34AD5008DF28C /* iiiiii.png */; };
		E0A49C331AC34AD5008DF28C /* iis-connected.png in Resources */ = {isa = PBXBuildFile; fileRef = E0A49BF31AC34AD5008DF28C /* iis-connected.png */; };
		E0A49C341AC34AD5008DF28C /* infinity-half.png in Resources */ = {isa = PBXBuildFile; fileRef = E0A49BF41AC34AD5008DF28C /* infinity-half.png */; };
		E0A49C351AC34AD5008DF28C /* is-connected.png in Resources */ = {isa = PBXBuildFile; fileRef = E0A49BF51AC34AD5008DF28C /* is-connected.png */; };
		E0A49C361AC34AD5008DF28C /* k-inverted.png in Resources */ = {isa = PBXBuildFile; fileRef = E0A49BF61AC34AD5008DF28C /* k-inverted.png */; };
		E0A49C371AC34AD5008DF28C /* l-rotated-strikethrough.png in Resources */ = {isa = PBXBuildFile; fileRef = E0A49BF71AC34AD5008DF28C /* l-rotated-strikethrough.png */; };
		E0A49C381AC34AD5008DF28C /* l-rotated-tail.png in Resources */ = {isa = PBXBuildFile; fileRef = E0A49BF81AC34AD5008DF28C /* l-rotated-tail.png */; };
		E0A49C391AC34AD5008DF28C /* lc-reversed.png in Resources */ = {isa = PBXBuildFile; fileRef = E0A49BF91AC34AD5008DF28C /* lc-reversed.png */; };
		E0A49C3A1AC34AD5008DF28C /* lcix-reversed.png in Resources */ = {isa = PBXBuildFile; fileRef = E0A49BFA1AC34AD5008DF28C /* lcix-reversed.png */; };
		E0A49C3B1AC34AD5008DF28C /* m-half.png in Resources */ = {isa = PBXBuildFile; fileRef = E0A49BFB1AC34AD5008DF28C /* m-half.png */; };
		E0A49C3C1AC34AD5008DF28C /* m-strikethrough.png in Resources */ = {isa = PBXBuildFile; fileRef = E0A49BFC1AC34AD5008DF28C /* m-strikethrough.png */; };
		E0A49C3D1AC34AD5008DF28C /* m-tail-after.png in Resources */ = {isa = PBXBuildFile; fileRef = E0A49BFD1AC34AD5008DF28C /* m-tail-after.png */; };
		E0A49C3E1AC34AD5008DF28C /* ml-rotated.png in Resources */ = {isa = PBXBuildFile; fileRef = E0A49BFE1AC34AD5008DF28C /* ml-rotated.png */; };
		E0A49C3F1AC34AD5008DF28C /* ml-tail-after.png in Resources */ = {isa = PBXBuildFile; fileRef = E0A49BFF1AC34AD5008DF28C /* ml-tail-after.png */; };
		E0A49C401AC34AD5008DF28C /* ml-tail-before.png in Resources */ = {isa = PBXBuildFile; fileRef = E0A49C001AC34AD5008DF28C /* ml-tail-before.png */; };
		E0A49C411AC34AD5008DF28C /* n-overline.png in Resources */ = {isa = PBXBuildFile; fileRef = E0A49C011AC34AD5008DF28C /* n-overline.png */; };
		E0A49C421AC34AD5008DF28C /* n-strikethrough.png in Resources */ = {isa = PBXBuildFile; fileRef = E0A49C021AC34AD5008DF28C /* n-strikethrough.png */; };
		E0A49C431AC34AD5008DF28C /* nf-ligature.png in Resources */ = {isa = PBXBuildFile; fileRef = E0A49C031AC34AD5008DF28C /* nf-ligature.png */; };
		E0A49C441AC34AD5008DF28C /* np-ligature 2.png in Resources */ = {isa = PBXBuildFile; fileRef = E0A49C041AC34AD5008DF28C /* np-ligature 2.png */; };
		E0A49C451AC34AD5008DF28C /* np-ligature.png in Resources */ = {isa = PBXBuildFile; fileRef = E0A49C051AC34AD5008DF28C /* np-ligature.png */; };
		E0A49C461AC34AD5008DF28C /* o-overline.png in Resources */ = {isa = PBXBuildFile; fileRef = E0A49C061AC34AD5008DF28C /* o-overline.png */; };
		E0A49C471AC34AD5008DF28C /* p-reversed.png in Resources */ = {isa = PBXBuildFile; fileRef = E0A49C071AC34AD5008DF28C /* p-reversed.png */; };
		E0A49C481AC34AD5008DF28C /* pp-cc-rotated.png in Resources */ = {isa = PBXBuildFile; fileRef = E0A49C081AC34AD5008DF28C /* pp-cc-rotated.png */; };
		E0A49C491AC34AD5008DF28C /* q-reversed.png in Resources */ = {isa = PBXBuildFile; fileRef = E0A49C091AC34AD5008DF28C /* q-reversed.png */; };
		E0A49C4A1AC34AD5008DF28C /* q-slash.png in Resources */ = {isa = PBXBuildFile; fileRef = E0A49C0A1AC34AD5008DF28C /* q-slash.png */; };
		E0A49C4B1AC34AD5008DF28C /* r-strikethrough.png in Resources */ = {isa = PBXBuildFile; fileRef = E0A49C0B1AC34AD5008DF28C /* r-strikethrough.png */; };
		E0A49C4C1AC34AD5008DF28C /* s-strikethrough.png in Resources */ = {isa = PBXBuildFile; fileRef = E0A49C0C1AC34AD5008DF28C /* s-strikethrough.png */; };
		E0A49C4D1AC34AD5008DF28C /* ss-strikethrough.png in Resources */ = {isa = PBXBuildFile; fileRef = E0A49C0D1AC34AD5008DF28C /* ss-strikethrough.png */; };
		E0A49C4E1AC34AD5008DF28C /* star.png in Resources */ = {isa = PBXBuildFile; fileRef = E0A49C0E1AC34AD5008DF28C /* star.png */; };
		E0A49C4F1AC34AD5008DF28C /* vp-reversed.png in Resources */ = {isa = PBXBuildFile; fileRef = E0A49C0F1AC34AD5008DF28C /* vp-reversed.png */; };
		E0A49C501AC34AD5008DF28C /* wavy-vertical-line.png in Resources */ = {isa = PBXBuildFile; fileRef = E0A49C101AC34AD5008DF28C /* wavy-vertical-line.png */; };
		E0A49C511AC34AD5008DF28C /* xv-overline.png in Resources */ = {isa = PBXBuildFile; fileRef = E0A49C111AC34AD5008DF28C /* xv-overline.png */; };
		E0A49C521AC34AD5008DF28C /* z-strikethrough.png in Resources */ = {isa = PBXBuildFile; fileRef = E0A49C121AC34AD5008DF28C /* z-strikethrough.png */; };
		E0F031581AFC07C700BC32BA /* abbs-combined.json in Resources */ = {isa = PBXBuildFile; fileRef = E0F031561AFC07C700BC32BA /* abbs-combined.json */; };
		E0F031591AFC07C700BC32BA /* abbs-specialchars.json in Resources */ = {isa = PBXBuildFile; fileRef = E0F031571AFC07C700BC32BA /* abbs-specialchars.json */; };
		E0FDFA1A1A9545CC00659871 /* AppDelegate.swift in Sources */ = {isa = PBXBuildFile; fileRef = E0FDFA191A9545CC00659871 /* AppDelegate.swift */; };
		E0FDFA1C1A9545CC00659871 /* MasterViewController.swift in Sources */ = {isa = PBXBuildFile; fileRef = E0FDFA1B1A9545CC00659871 /* MasterViewController.swift */; };
		E0FDFA1E1A9545CC00659871 /* DetailViewController.swift in Sources */ = {isa = PBXBuildFile; fileRef = E0FDFA1D1A9545CC00659871 /* DetailViewController.swift */; };
		E0FDFA231A9545CC00659871 /* Images.xcassets in Resources */ = {isa = PBXBuildFile; fileRef = E0FDFA221A9545CC00659871 /* Images.xcassets */; };
		E0FDFA321A9545CC00659871 /* inscriptusTests.swift in Sources */ = {isa = PBXBuildFile; fileRef = E0FDFA311A9545CC00659871 /* inscriptusTests.swift */; };
		E0FDFA3C1A9546D200659871 /* Abbreviation.swift in Sources */ = {isa = PBXBuildFile; fileRef = E0FDFA3B1A9546D200659871 /* Abbreviation.swift */; };
/* End PBXBuildFile section */

/* Begin PBXContainerItemProxy section */
		E0FDFA2C1A9545CC00659871 /* PBXContainerItemProxy */ = {
			isa = PBXContainerItemProxy;
			containerPortal = E0FDFA0C1A9545CC00659871 /* Project object */;
			proxyType = 1;
			remoteGlobalIDString = E0FDFA131A9545CC00659871;
			remoteInfo = inscriptus;
		};
/* End PBXContainerItemProxy section */

/* Begin PBXFileReference section */
		E004579E20D0AEFE005AFB15 /* LaunchScreen.xib */ = {isa = PBXFileReference; fileEncoding = 4; lastKnownFileType = file.xib; path = LaunchScreen.xib; sourceTree = "<group>"; };
		E004579F20D0AEFE005AFB15 /* Main.storyboard */ = {isa = PBXFileReference; fileEncoding = 4; lastKnownFileType = file.storyboard; path = Main.storyboard; sourceTree = "<group>"; };
		E00457A220D0AFEA005AFB15 /* README.md */ = {isa = PBXFileReference; lastKnownFileType = net.daringfireball.markdown; path = README.md; sourceTree = "<group>"; wrapsLines = 1; };
		E00457A420D0B130005AFB15 /* screen1.png */ = {isa = PBXFileReference; lastKnownFileType = image.png; path = screen1.png; sourceTree = "<group>"; };
		E00457A520D0B130005AFB15 /* screen3.png */ = {isa = PBXFileReference; lastKnownFileType = image.png; path = screen3.png; sourceTree = "<group>"; };
		E00457A620D0B130005AFB15 /* screen2.png */ = {isa = PBXFileReference; lastKnownFileType = image.png; path = screen2.png; sourceTree = "<group>"; };
		E00CBAD01AF6C0FD00DAD03B /* DefaultDetailView.xib */ = {isa = PBXFileReference; fileEncoding = 4; lastKnownFileType = file.xib; path = DefaultDetailView.xib; sourceTree = "<group>"; };
		E01001D51B02ECB70049A3B9 /* ApplicationState.swift */ = {isa = PBXFileReference; fileEncoding = 4; lastKnownFileType = sourcecode.swift; path = ApplicationState.swift; sourceTree = "<group>"; };
		E01001DD1B0598D10049A3B9 /* DefaultFavoritesView.xib */ = {isa = PBXFileReference; fileEncoding = 4; lastKnownFileType = file.xib; path = DefaultFavoritesView.xib; sourceTree = "<group>"; };
		E01001DF1B05AACE0049A3B9 /* UIView+.swift */ = {isa = PBXFileReference; fileEncoding = 4; lastKnownFileType = sourcecode.swift; path = "UIView+.swift"; sourceTree = "<group>"; };
		E01001E51B068A3D0049A3B9 /* MessageUI.framework */ = {isa = PBXFileReference; lastKnownFileType = wrapper.framework; name = MessageUI.framework; path = System/Library/Frameworks/MessageUI.framework; sourceTree = SDKROOT; };
		E01001E71B0698F80049A3B9 /* cp-reversed.png */ = {isa = PBXFileReference; lastKnownFileType = image.png; path = "cp-reversed.png"; sourceTree = "<group>"; };
		E01786AB1B0139ED0022F8E2 /* InscribedCell.xib */ = {isa = PBXFileReference; fileEncoding = 4; lastKnownFileType = file.xib; path = InscribedCell.xib; sourceTree = "<group>"; };
		E01786AD1B0139F70022F8E2 /* InscribedCell.swift */ = {isa = PBXFileReference; fileEncoding = 4; lastKnownFileType = sourcecode.swift; path = InscribedCell.swift; sourceTree = "<group>"; };
		E01D1D011B00503200ABB9DF /* foldOutAnimator.swift */ = {isa = PBXFileReference; fileEncoding = 4; lastKnownFileType = sourcecode.swift; path = foldOutAnimator.swift; sourceTree = "<group>"; };
		E023FBE71AE5AABF00E8DBAC /* UIFont+.swift */ = {isa = PBXFileReference; fileEncoding = 4; lastKnownFileType = sourcecode.swift; path = "UIFont+.swift"; sourceTree = "<group>"; };
		E02549C01B0C3D1000A329E9 /* WhitakerCache.swift */ = {isa = PBXFileReference; fileEncoding = 4; lastKnownFileType = sourcecode.swift; path = WhitakerCache.swift; sourceTree = "<group>"; };
		E028AC421A98344F0058D9A1 /* AbbreviationCell.swift */ = {isa = PBXFileReference; fileEncoding = 4; lastKnownFileType = sourcecode.swift; path = AbbreviationCell.swift; sourceTree = "<group>"; };
		E028AC4A1A99244A0058D9A1 /* UnsearchablesViewController.swift */ = {isa = PBXFileReference; fileEncoding = 4; lastKnownFileType = sourcecode.swift; path = UnsearchablesViewController.swift; sourceTree = "<group>"; };
		E028AC4C1A99251D0058D9A1 /* AbbreviationCell.xib */ = {isa = PBXFileReference; fileEncoding = 4; lastKnownFileType = file.xib; path = AbbreviationCell.xib; sourceTree = "<group>"; };
		E03ADFED1AF6CD41002CFD5C /* BasicCell.swift */ = {isa = PBXFileReference; fileEncoding = 4; lastKnownFileType = sourcecode.swift; path = BasicCell.swift; sourceTree = "<group>"; };
		E048416B1BC46B9300B6F06F /* ModalWebView.xib */ = {isa = PBXFileReference; fileEncoding = 4; lastKnownFileType = file.xib; path = ModalWebView.xib; sourceTree = "<group>"; };
		E048416E1BC46BBB00B6F06F /* ModalWebViewController.h */ = {isa = PBXFileReference; fileEncoding = 4; lastKnownFileType = sourcecode.c.h; path = ModalWebViewController.h; sourceTree = "<group>"; };
		E048416F1BC46BBB00B6F06F /* ModalWebViewController.m */ = {isa = PBXFileReference; fileEncoding = 4; lastKnownFileType = sourcecode.c.objc; path = ModalWebViewController.m; sourceTree = "<group>"; };
		E04841711BC46C0C00B6F06F /* bootstrap.css */ = {isa = PBXFileReference; fileEncoding = 4; lastKnownFileType = text.css; path = bootstrap.css; sourceTree = "<group>"; };
		E04841721BC46C0C00B6F06F /* about.html */ = {isa = PBXFileReference; fileEncoding = 4; lastKnownFileType = text.html; path = about.html; sourceTree = "<group>"; };
		E04B6F251AF9549900FA668F /* WhitakerDefinition.swift */ = {isa = PBXFileReference; fileEncoding = 4; lastKnownFileType = sourcecode.swift; path = WhitakerDefinition.swift; sourceTree = "<group>"; };
		E04B6F261AF9549900FA668F /* WhitakerScraper.swift */ = {isa = PBXFileReference; fileEncoding = 4; lastKnownFileType = sourcecode.swift; path = WhitakerScraper.swift; sourceTree = "<group>"; };
		E04B6F271AF9549900FA668F /* WhitakerScraperDelegate.swift */ = {isa = PBXFileReference; fileEncoding = 4; lastKnownFileType = sourcecode.swift; path = WhitakerScraperDelegate.swift; sourceTree = "<group>"; };
		E04B6F2C1AF9558800FA668F /* String+.swift */ = {isa = PBXFileReference; fileEncoding = 4; lastKnownFileType = sourcecode.swift; path = "String+.swift"; sourceTree = "<group>"; };
		E04B6F321AF95B2100FA668F /* TFHpple.h */ = {isa = PBXFileReference; fileEncoding = 4; lastKnownFileType = sourcecode.c.h; path = TFHpple.h; sourceTree = "<group>"; };
		E04B6F331AF95B2100FA668F /* TFHppleElement.h */ = {isa = PBXFileReference; fileEncoding = 4; lastKnownFileType = sourcecode.c.h; path = TFHppleElement.h; sourceTree = "<group>"; };
		E04B6F341AF95B2100FA668F /* XPathQuery.h */ = {isa = PBXFileReference; fileEncoding = 4; lastKnownFileType = sourcecode.c.h; path = XPathQuery.h; sourceTree = "<group>"; };
		E04B6F351AF95B2100FA668F /* TFHpple.m */ = {isa = PBXFileReference; fileEncoding = 4; lastKnownFileType = sourcecode.c.objc; path = TFHpple.m; sourceTree = "<group>"; };
		E04B6F361AF95B2100FA668F /* TFHppleElement.m */ = {isa = PBXFileReference; fileEncoding = 4; lastKnownFileType = sourcecode.c.objc; path = TFHppleElement.m; sourceTree = "<group>"; };
		E04B6F371AF95B2100FA668F /* XPathQuery.m */ = {isa = PBXFileReference; fileEncoding = 4; lastKnownFileType = sourcecode.c.objc; path = XPathQuery.m; sourceTree = "<group>"; };
		E04B6F3B1AF95B6400FA668F /* inscriptus-Bridging-Header.h */ = {isa = PBXFileReference; lastKnownFileType = sourcecode.c.h; path = "inscriptus-Bridging-Header.h"; sourceTree = "<group>"; };
		E04B6F3E1AF95BAF00FA668F /* libxml2.dylib */ = {isa = PBXFileReference; lastKnownFileType = "compiled.mach-o.dylib"; name = libxml2.dylib; path = usr/lib/libxml2.dylib; sourceTree = SDKROOT; };
		E04B6F411AF95E9000FA668F /* DefinitionViewController.swift */ = {isa = PBXFileReference; fileEncoding = 4; lastKnownFileType = sourcecode.swift; path = DefinitionViewController.swift; sourceTree = "<group>"; };
		E04B6F431AF95EA900FA668F /* DefinitionCell.swift */ = {isa = PBXFileReference; fileEncoding = 4; lastKnownFileType = sourcecode.swift; path = DefinitionCell.swift; sourceTree = "<group>"; };
		E0610DA51B0828D2006A4FBB /* smallModalAnimator.swift */ = {isa = PBXFileReference; fileEncoding = 4; lastKnownFileType = sourcecode.swift; path = smallModalAnimator.swift; sourceTree = "<group>"; };
		E0610DA71B082B78006A4FBB /* SpecialCoachController.swift */ = {isa = PBXFileReference; fileEncoding = 4; lastKnownFileType = sourcecode.swift; path = SpecialCoachController.swift; sourceTree = "<group>"; };
		E0846DB31AC6658F0004E1B0 /* AbbreviationCollection.swift */ = {isa = PBXFileReference; fileEncoding = 4; lastKnownFileType = sourcecode.swift; path = AbbreviationCollection.swift; sourceTree = "<group>"; };
		E096AFCB1AFABCAE002D6E5D /* BasicCell.xib */ = {isa = PBXFileReference; fileEncoding = 4; lastKnownFileType = file.xib; path = BasicCell.xib; sourceTree = "<group>"; };
		E096AFCD1AFAC041002D6E5D /* WhitakerResult.swift */ = {isa = PBXFileReference; fileEncoding = 4; lastKnownFileType = sourcecode.swift; path = WhitakerResult.swift; sourceTree = "<group>"; };
		E0A49BD31AC34AD5008DF28C /* b-strikethrough.png */ = {isa = PBXFileReference; lastKnownFileType = image.png; path = "b-strikethrough.png"; sourceTree = "<group>"; };
		E0A49BD41AC34AD5008DF28C /* bb-strikethrough.png */ = {isa = PBXFileReference; lastKnownFileType = image.png; path = "bb-strikethrough.png"; sourceTree = "<group>"; };
		E0A49BD51AC34AD5008DF28C /* bf-ligature.png */ = {isa = PBXFileReference; lastKnownFileType = image.png; path = "bf-ligature.png"; sourceTree = "<group>"; };
		E0A49BD61AC34AD5008DF28C /* bf-strikethrough 3.png */ = {isa = PBXFileReference; lastKnownFileType = image.png; path = "bf-strikethrough 3.png"; sourceTree = "<group>"; };
		E0A49BD71AC34AD5008DF28C /* bf-strikethrough.png */ = {isa = PBXFileReference; lastKnownFileType = image.png; path = "bf-strikethrough.png"; sourceTree = "<group>"; };
		E0A49BD81AC34AD5008DF28C /* brace-right-mid.png */ = {isa = PBXFileReference; lastKnownFileType = image.png; path = "brace-right-mid.png"; sourceTree = "<group>"; };
		E0A49BD91AC34AD5008DF28C /* c-double-vertical.png */ = {isa = PBXFileReference; lastKnownFileType = image.png; path = "c-double-vertical.png"; sourceTree = "<group>"; };
		E0A49BDA1AC34AD5008DF28C /* c-reversed-double-vertical.png */ = {isa = PBXFileReference; lastKnownFileType = image.png; path = "c-reversed-double-vertical.png"; sourceTree = "<group>"; };
		E0A49BDB1AC34AD5008DF28C /* c-reversed-strikethrough.png */ = {isa = PBXFileReference; lastKnownFileType = image.png; path = "c-reversed-strikethrough.png"; sourceTree = "<group>"; };
		E0A49BDC1AC34AD5008DF28C /* c-reversed.png */ = {isa = PBXFileReference; lastKnownFileType = image.png; path = "c-reversed.png"; sourceTree = "<group>"; };
		E0A49BDD1AC34AD5008DF28C /* c-tiny.png */ = {isa = PBXFileReference; lastKnownFileType = image.png; path = "c-tiny.png"; sourceTree = "<group>"; };
		E0A49BDE1AC34AD5008DF28C /* cc-reversed.png */ = {isa = PBXFileReference; lastKnownFileType = image.png; path = "cc-reversed.png"; sourceTree = "<group>"; };
		E0A49BDF1AC34AD5008DF28C /* ccc-reversed.png */ = {isa = PBXFileReference; lastKnownFileType = image.png; path = "ccc-reversed.png"; sourceTree = "<group>"; };
		E0A49BE01AC34AD5008DF28C /* cccc-overline.png */ = {isa = PBXFileReference; lastKnownFileType = image.png; path = "cccc-overline.png"; sourceTree = "<group>"; };
		E0A49BE21AC34AD5008DF28C /* ccl-reversed.png */ = {isa = PBXFileReference; lastKnownFileType = image.png; path = "ccl-reversed.png"; sourceTree = "<group>"; };
		E0A49BE31AC34AD5008DF28C /* chevron-right.png */ = {isa = PBXFileReference; lastKnownFileType = image.png; path = "chevron-right.png"; sourceTree = "<group>"; };
		E0A49BE41AC34AD5008DF28C /* circle-dotted.png */ = {isa = PBXFileReference; lastKnownFileType = image.png; path = "circle-dotted.png"; sourceTree = "<group>"; };
		E0A49BE51AC34AD5008DF28C /* cl-reversed.png */ = {isa = PBXFileReference; lastKnownFileType = image.png; path = "cl-reversed.png"; sourceTree = "<group>"; };
		E0A49BE61AC34AD5008DF28C /* cross.png */ = {isa = PBXFileReference; lastKnownFileType = image.png; path = cross.png; sourceTree = "<group>"; };
		E0A49BE71AC34AD5008DF28C /* cs-reversed.png */ = {isa = PBXFileReference; lastKnownFileType = image.png; path = "cs-reversed.png"; sourceTree = "<group>"; };
		E0A49BE81AC34AD5008DF28C /* csc-reversed.png */ = {isa = PBXFileReference; lastKnownFileType = image.png; path = "csc-reversed.png"; sourceTree = "<group>"; };
		E0A49BE91AC34AD5008DF28C /* cscr-reversed.png */ = {isa = PBXFileReference; lastKnownFileType = image.png; path = "cscr-reversed.png"; sourceTree = "<group>"; };
		E0A49BEA1AC34AD5008DF28C /* ctra-reversed.png */ = {isa = PBXFileReference; lastKnownFileType = image.png; path = "ctra-reversed.png"; sourceTree = "<group>"; };
		E0A49BEB1AC34AD5008DF28C /* cuns-ns-overline.png */ = {isa = PBXFileReference; lastKnownFileType = image.png; path = "cuns-ns-overline.png"; sourceTree = "<group>"; };
		E0A49BEC1AC34AD5008DF28C /* cvr-star-fl.png */ = {isa = PBXFileReference; lastKnownFileType = image.png; path = "cvr-star-fl.png"; sourceTree = "<group>"; };
		E0A49BED1AC34AD5008DF28C /* d-strikethrough.png */ = {isa = PBXFileReference; lastKnownFileType = image.png; path = "d-strikethrough.png"; sourceTree = "<group>"; };
		E0A49BEE1AC34AD5008DF28C /* ii-overline.png */ = {isa = PBXFileReference; lastKnownFileType = image.png; path = "ii-overline.png"; sourceTree = "<group>"; };
		E0A49BEF1AC34AD5008DF28C /* iiicl-reversed.png */ = {isa = PBXFileReference; lastKnownFileType = image.png; path = "iiicl-reversed.png"; sourceTree = "<group>"; };
		E0A49BF01AC34AD5008DF28C /* iiiiii-vir-aug.png */ = {isa = PBXFileReference; lastKnownFileType = image.png; path = "iiiiii-vir-aug.png"; sourceTree = "<group>"; };
		E0A49BF11AC34AD5008DF28C /* iiiiii-vir.png */ = {isa = PBXFileReference; lastKnownFileType = image.png; path = "iiiiii-vir.png"; sourceTree = "<group>"; };
		E0A49BF21AC34AD5008DF28C /* iiiiii.png */ = {isa = PBXFileReference; lastKnownFileType = image.png; path = iiiiii.png; sourceTree = "<group>"; };
		E0A49BF31AC34AD5008DF28C /* iis-connected.png */ = {isa = PBXFileReference; lastKnownFileType = image.png; path = "iis-connected.png"; sourceTree = "<group>"; };
		E0A49BF41AC34AD5008DF28C /* infinity-half.png */ = {isa = PBXFileReference; lastKnownFileType = image.png; path = "infinity-half.png"; sourceTree = "<group>"; };
		E0A49BF51AC34AD5008DF28C /* is-connected.png */ = {isa = PBXFileReference; lastKnownFileType = image.png; path = "is-connected.png"; sourceTree = "<group>"; };
		E0A49BF61AC34AD5008DF28C /* k-inverted.png */ = {isa = PBXFileReference; lastKnownFileType = image.png; path = "k-inverted.png"; sourceTree = "<group>"; };
		E0A49BF71AC34AD5008DF28C /* l-rotated-strikethrough.png */ = {isa = PBXFileReference; lastKnownFileType = image.png; path = "l-rotated-strikethrough.png"; sourceTree = "<group>"; };
		E0A49BF81AC34AD5008DF28C /* l-rotated-tail.png */ = {isa = PBXFileReference; lastKnownFileType = image.png; path = "l-rotated-tail.png"; sourceTree = "<group>"; };
		E0A49BF91AC34AD5008DF28C /* lc-reversed.png */ = {isa = PBXFileReference; lastKnownFileType = image.png; path = "lc-reversed.png"; sourceTree = "<group>"; };
		E0A49BFA1AC34AD5008DF28C /* lcix-reversed.png */ = {isa = PBXFileReference; lastKnownFileType = image.png; path = "lcix-reversed.png"; sourceTree = "<group>"; };
		E0A49BFB1AC34AD5008DF28C /* m-half.png */ = {isa = PBXFileReference; lastKnownFileType = image.png; path = "m-half.png"; sourceTree = "<group>"; };
		E0A49BFC1AC34AD5008DF28C /* m-strikethrough.png */ = {isa = PBXFileReference; lastKnownFileType = image.png; path = "m-strikethrough.png"; sourceTree = "<group>"; };
		E0A49BFD1AC34AD5008DF28C /* m-tail-after.png */ = {isa = PBXFileReference; lastKnownFileType = image.png; path = "m-tail-after.png"; sourceTree = "<group>"; };
		E0A49BFE1AC34AD5008DF28C /* ml-rotated.png */ = {isa = PBXFileReference; lastKnownFileType = image.png; path = "ml-rotated.png"; sourceTree = "<group>"; };
		E0A49BFF1AC34AD5008DF28C /* ml-tail-after.png */ = {isa = PBXFileReference; lastKnownFileType = image.png; path = "ml-tail-after.png"; sourceTree = "<group>"; };
		E0A49C001AC34AD5008DF28C /* ml-tail-before.png */ = {isa = PBXFileReference; lastKnownFileType = image.png; path = "ml-tail-before.png"; sourceTree = "<group>"; };
		E0A49C011AC34AD5008DF28C /* n-overline.png */ = {isa = PBXFileReference; lastKnownFileType = image.png; path = "n-overline.png"; sourceTree = "<group>"; };
		E0A49C021AC34AD5008DF28C /* n-strikethrough.png */ = {isa = PBXFileReference; lastKnownFileType = image.png; path = "n-strikethrough.png"; sourceTree = "<group>"; };
		E0A49C031AC34AD5008DF28C /* nf-ligature.png */ = {isa = PBXFileReference; lastKnownFileType = image.png; path = "nf-ligature.png"; sourceTree = "<group>"; };
		E0A49C041AC34AD5008DF28C /* np-ligature 2.png */ = {isa = PBXFileReference; lastKnownFileType = image.png; path = "np-ligature 2.png"; sourceTree = "<group>"; };
		E0A49C051AC34AD5008DF28C /* np-ligature.png */ = {isa = PBXFileReference; lastKnownFileType = image.png; path = "np-ligature.png"; sourceTree = "<group>"; };
		E0A49C061AC34AD5008DF28C /* o-overline.png */ = {isa = PBXFileReference; lastKnownFileType = image.png; path = "o-overline.png"; sourceTree = "<group>"; };
		E0A49C071AC34AD5008DF28C /* p-reversed.png */ = {isa = PBXFileReference; lastKnownFileType = image.png; path = "p-reversed.png"; sourceTree = "<group>"; };
		E0A49C081AC34AD5008DF28C /* pp-cc-rotated.png */ = {isa = PBXFileReference; lastKnownFileType = image.png; path = "pp-cc-rotated.png"; sourceTree = "<group>"; };
		E0A49C091AC34AD5008DF28C /* q-reversed.png */ = {isa = PBXFileReference; lastKnownFileType = image.png; path = "q-reversed.png"; sourceTree = "<group>"; };
		E0A49C0A1AC34AD5008DF28C /* q-slash.png */ = {isa = PBXFileReference; lastKnownFileType = image.png; path = "q-slash.png"; sourceTree = "<group>"; };
		E0A49C0B1AC34AD5008DF28C /* r-strikethrough.png */ = {isa = PBXFileReference; lastKnownFileType = image.png; path = "r-strikethrough.png"; sourceTree = "<group>"; };
		E0A49C0C1AC34AD5008DF28C /* s-strikethrough.png */ = {isa = PBXFileReference; lastKnownFileType = image.png; path = "s-strikethrough.png"; sourceTree = "<group>"; };
		E0A49C0D1AC34AD5008DF28C /* ss-strikethrough.png */ = {isa = PBXFileReference; lastKnownFileType = image.png; path = "ss-strikethrough.png"; sourceTree = "<group>"; };
		E0A49C0E1AC34AD5008DF28C /* star.png */ = {isa = PBXFileReference; lastKnownFileType = image.png; path = star.png; sourceTree = "<group>"; };
		E0A49C0F1AC34AD5008DF28C /* vp-reversed.png */ = {isa = PBXFileReference; lastKnownFileType = image.png; path = "vp-reversed.png"; sourceTree = "<group>"; };
		E0A49C101AC34AD5008DF28C /* wavy-vertical-line.png */ = {isa = PBXFileReference; lastKnownFileType = image.png; path = "wavy-vertical-line.png"; sourceTree = "<group>"; };
		E0A49C111AC34AD5008DF28C /* xv-overline.png */ = {isa = PBXFileReference; lastKnownFileType = image.png; path = "xv-overline.png"; sourceTree = "<group>"; };
		E0A49C121AC34AD5008DF28C /* z-strikethrough.png */ = {isa = PBXFileReference; lastKnownFileType = image.png; path = "z-strikethrough.png"; sourceTree = "<group>"; };
		E0F031561AFC07C700BC32BA /* abbs-combined.json */ = {isa = PBXFileReference; fileEncoding = 4; lastKnownFileType = text.json; path = "abbs-combined.json"; sourceTree = "<group>"; };
		E0F031571AFC07C700BC32BA /* abbs-specialchars.json */ = {isa = PBXFileReference; fileEncoding = 4; lastKnownFileType = text.json; path = "abbs-specialchars.json"; sourceTree = "<group>"; };
		E0FDFA141A9545CC00659871 /* inscriptus.app */ = {isa = PBXFileReference; explicitFileType = wrapper.application; includeInIndex = 0; path = inscriptus.app; sourceTree = BUILT_PRODUCTS_DIR; };
		E0FDFA181A9545CC00659871 /* Info.plist */ = {isa = PBXFileReference; lastKnownFileType = text.plist.xml; path = Info.plist; sourceTree = "<group>"; };
		E0FDFA191A9545CC00659871 /* AppDelegate.swift */ = {isa = PBXFileReference; lastKnownFileType = sourcecode.swift; path = AppDelegate.swift; sourceTree = "<group>"; };
		E0FDFA1B1A9545CC00659871 /* MasterViewController.swift */ = {isa = PBXFileReference; lastKnownFileType = sourcecode.swift; path = MasterViewController.swift; sourceTree = "<group>"; };
		E0FDFA1D1A9545CC00659871 /* DetailViewController.swift */ = {isa = PBXFileReference; lastKnownFileType = sourcecode.swift; path = DetailViewController.swift; sourceTree = "<group>"; };
		E0FDFA221A9545CC00659871 /* Images.xcassets */ = {isa = PBXFileReference; lastKnownFileType = folder.assetcatalog; path = Images.xcassets; sourceTree = "<group>"; };
		E0FDFA2B1A9545CC00659871 /* inscriptusTests.xctest */ = {isa = PBXFileReference; explicitFileType = wrapper.cfbundle; includeInIndex = 0; path = inscriptusTests.xctest; sourceTree = BUILT_PRODUCTS_DIR; };
		E0FDFA301A9545CC00659871 /* Info.plist */ = {isa = PBXFileReference; lastKnownFileType = text.plist.xml; path = Info.plist; sourceTree = "<group>"; };
		E0FDFA311A9545CC00659871 /* inscriptusTests.swift */ = {isa = PBXFileReference; lastKnownFileType = sourcecode.swift; path = inscriptusTests.swift; sourceTree = "<group>"; };
		E0FDFA3B1A9546D200659871 /* Abbreviation.swift */ = {isa = PBXFileReference; fileEncoding = 4; lastKnownFileType = sourcecode.swift; path = Abbreviation.swift; sourceTree = "<group>"; wrapsLines = 0; };
/* End PBXFileReference section */

/* Begin PBXFrameworksBuildPhase section */
		E0FDFA111A9545CC00659871 /* Frameworks */ = {
			isa = PBXFrameworksBuildPhase;
			buildActionMask = 2147483647;
			files = (
				E01001E61B068A3D0049A3B9 /* MessageUI.framework in Frameworks */,
				E04B6F3F1AF95BAF00FA668F /* libxml2.dylib in Frameworks */,
			);
			runOnlyForDeploymentPostprocessing = 0;
		};
		E0FDFA281A9545CC00659871 /* Frameworks */ = {
			isa = PBXFrameworksBuildPhase;
			buildActionMask = 2147483647;
			files = (
			);
			runOnlyForDeploymentPostprocessing = 0;
		};
/* End PBXFrameworksBuildPhase section */

/* Begin PBXGroup section */
		E004579C20D0AC8B005AFB15 /* Model */ = {
			isa = PBXGroup;
			children = (
				E0FDFA3B1A9546D200659871 /* Abbreviation.swift */,
				E0846DB31AC6658F0004E1B0 /* AbbreviationCollection.swift */,
				E01001D51B02ECB70049A3B9 /* ApplicationState.swift */,
			);
			path = Model;
			sourceTree = "<group>";
		};
		E004579D20D0AC93005AFB15 /* View Controllers */ = {
			isa = PBXGroup;
			children = (
				E028AC4A1A99244A0058D9A1 /* UnsearchablesViewController.swift */,
				E0FDFA1D1A9545CC00659871 /* DetailViewController.swift */,
				E04B6F411AF95E9000FA668F /* DefinitionViewController.swift */,
				E0610DA71B082B78006A4FBB /* SpecialCoachController.swift */,
			);
			path = "View Controllers";
			sourceTree = "<group>";
		};
		E00457A320D0B118005AFB15 /* screenshots */ = {
			isa = PBXGroup;
			children = (
				E00457A420D0B130005AFB15 /* screen1.png */,
				E00457A620D0B130005AFB15 /* screen2.png */,
				E00457A520D0B130005AFB15 /* screen3.png */,
			);
			path = screenshots;
			sourceTree = "<group>";
		};
		E028AC411A98342C0058D9A1 /* Interface Files */ = {
			isa = PBXGroup;
			children = (
				E004579E20D0AEFE005AFB15 /* LaunchScreen.xib */,
				E004579F20D0AEFE005AFB15 /* Main.storyboard */,
				E0FDFA1B1A9545CC00659871 /* MasterViewController.swift */,
				E092DFCD1B82D4A2003ABB8A /* BasicCell */,
				E0610DA51B0828D2006A4FBB /* smallModalAnimator.swift */,
				E01D1D011B00503200ABB9DF /* foldOutAnimator.swift */,
				E092DFCF1B82D4D0003ABB8A /* AbbreviationCell */,
				E092DFCE1B82D4BB003ABB8A /* InscribedCell */,
				E00CBAD01AF6C0FD00DAD03B /* DefaultDetailView.xib */,
				E01001DD1B0598D10049A3B9 /* DefaultFavoritesView.xib */,
				E04B6F431AF95EA900FA668F /* DefinitionCell.swift */,
			);
			path = "Interface Files";
			sourceTree = "<group>";
		};
		E048416D1BC46BAE00B6F06F /* ModalWebView */ = {
			isa = PBXGroup;
			children = (
				E04841711BC46C0C00B6F06F /* bootstrap.css */,
				E04841721BC46C0C00B6F06F /* about.html */,
				E048416E1BC46BBB00B6F06F /* ModalWebViewController.h */,
				E048416F1BC46BBB00B6F06F /* ModalWebViewController.m */,
				E048416B1BC46B9300B6F06F /* ModalWebView.xib */,
			);
			path = ModalWebView;
			sourceTree = "<group>";
		};
		E04B6F2B1AF954A700FA668F /* WhitakerScraper */ = {
			isa = PBXGroup;
			children = (
				E04B6F2E1AF95B1300FA668F /* TFHpple */,
				E04B6F261AF9549900FA668F /* WhitakerScraper.swift */,
				E04B6F251AF9549900FA668F /* WhitakerDefinition.swift */,
				E096AFCD1AFAC041002D6E5D /* WhitakerResult.swift */,
				E04B6F271AF9549900FA668F /* WhitakerScraperDelegate.swift */,
				E02549C01B0C3D1000A329E9 /* WhitakerCache.swift */,
			);
			path = WhitakerScraper;
			sourceTree = "<group>";
		};
		E04B6F2E1AF95B1300FA668F /* TFHpple */ = {
			isa = PBXGroup;
			children = (
				E04B6F321AF95B2100FA668F /* TFHpple.h */,
				E04B6F331AF95B2100FA668F /* TFHppleElement.h */,
				E04B6F341AF95B2100FA668F /* XPathQuery.h */,
				E04B6F351AF95B2100FA668F /* TFHpple.m */,
				E04B6F361AF95B2100FA668F /* TFHppleElement.m */,
				E04B6F371AF95B2100FA668F /* XPathQuery.m */,
			);
			path = TFHpple;
			sourceTree = "<group>";
		};
		E092DFCD1B82D4A2003ABB8A /* BasicCell */ = {
			isa = PBXGroup;
			children = (
				E096AFCB1AFABCAE002D6E5D /* BasicCell.xib */,
				E03ADFED1AF6CD41002CFD5C /* BasicCell.swift */,
			);
			path = BasicCell;
			sourceTree = "<group>";
		};
		E092DFCE1B82D4BB003ABB8A /* InscribedCell */ = {
			isa = PBXGroup;
			children = (
				E01786AB1B0139ED0022F8E2 /* InscribedCell.xib */,
				E01786AD1B0139F70022F8E2 /* InscribedCell.swift */,
			);
			path = InscribedCell;
			sourceTree = "<group>";
		};
		E092DFCF1B82D4D0003ABB8A /* AbbreviationCell */ = {
			isa = PBXGroup;
			children = (
				E028AC4C1A99251D0058D9A1 /* AbbreviationCell.xib */,
				E028AC421A98344F0058D9A1 /* AbbreviationCell.swift */,
			);
			path = AbbreviationCell;
			sourceTree = "<group>";
		};
		E0A49BD21AC34AD5008DF28C /* specialchars-images */ = {
			isa = PBXGroup;
			children = (
				E0A49BD31AC34AD5008DF28C /* b-strikethrough.png */,
				E0A49BD41AC34AD5008DF28C /* bb-strikethrough.png */,
				E0A49BD51AC34AD5008DF28C /* bf-ligature.png */,
				E0A49BD61AC34AD5008DF28C /* bf-strikethrough 3.png */,
				E0A49BD71AC34AD5008DF28C /* bf-strikethrough.png */,
				E0A49BD81AC34AD5008DF28C /* brace-right-mid.png */,
				E0A49BD91AC34AD5008DF28C /* c-double-vertical.png */,
				E0A49BDA1AC34AD5008DF28C /* c-reversed-double-vertical.png */,
				E0A49BDB1AC34AD5008DF28C /* c-reversed-strikethrough.png */,
				E0A49BDC1AC34AD5008DF28C /* c-reversed.png */,
				E0A49BDD1AC34AD5008DF28C /* c-tiny.png */,
				E01001E71B0698F80049A3B9 /* cp-reversed.png */,
				E0A49BDE1AC34AD5008DF28C /* cc-reversed.png */,
				E0A49BDF1AC34AD5008DF28C /* ccc-reversed.png */,
				E0A49BE01AC34AD5008DF28C /* cccc-overline.png */,
				E0A49BE21AC34AD5008DF28C /* ccl-reversed.png */,
				E0A49BE31AC34AD5008DF28C /* chevron-right.png */,
				E0A49BE41AC34AD5008DF28C /* circle-dotted.png */,
				E0A49BE51AC34AD5008DF28C /* cl-reversed.png */,
				E0A49BE61AC34AD5008DF28C /* cross.png */,
				E0A49BE71AC34AD5008DF28C /* cs-reversed.png */,
				E0A49BE81AC34AD5008DF28C /* csc-reversed.png */,
				E0A49BE91AC34AD5008DF28C /* cscr-reversed.png */,
				E0A49BEA1AC34AD5008DF28C /* ctra-reversed.png */,
				E0A49BEB1AC34AD5008DF28C /* cuns-ns-overline.png */,
				E0A49BEC1AC34AD5008DF28C /* cvr-star-fl.png */,
				E0A49BED1AC34AD5008DF28C /* d-strikethrough.png */,
				E0A49BEE1AC34AD5008DF28C /* ii-overline.png */,
				E0A49BEF1AC34AD5008DF28C /* iiicl-reversed.png */,
				E0A49BF01AC34AD5008DF28C /* iiiiii-vir-aug.png */,
				E0A49BF11AC34AD5008DF28C /* iiiiii-vir.png */,
				E0A49BF21AC34AD5008DF28C /* iiiiii.png */,
				E0A49BF31AC34AD5008DF28C /* iis-connected.png */,
				E0A49BF41AC34AD5008DF28C /* infinity-half.png */,
				E0A49BF51AC34AD5008DF28C /* is-connected.png */,
				E0A49BF61AC34AD5008DF28C /* k-inverted.png */,
				E0A49BF71AC34AD5008DF28C /* l-rotated-strikethrough.png */,
				E0A49BF81AC34AD5008DF28C /* l-rotated-tail.png */,
				E0A49BF91AC34AD5008DF28C /* lc-reversed.png */,
				E0A49BFA1AC34AD5008DF28C /* lcix-reversed.png */,
				E0A49BFB1AC34AD5008DF28C /* m-half.png */,
				E0A49BFC1AC34AD5008DF28C /* m-strikethrough.png */,
				E0A49BFD1AC34AD5008DF28C /* m-tail-after.png */,
				E0A49BFE1AC34AD5008DF28C /* ml-rotated.png */,
				E0A49BFF1AC34AD5008DF28C /* ml-tail-after.png */,
				E0A49C001AC34AD5008DF28C /* ml-tail-before.png */,
				E0A49C011AC34AD5008DF28C /* n-overline.png */,
				E0A49C021AC34AD5008DF28C /* n-strikethrough.png */,
				E0A49C031AC34AD5008DF28C /* nf-ligature.png */,
				E0A49C041AC34AD5008DF28C /* np-ligature 2.png */,
				E0A49C051AC34AD5008DF28C /* np-ligature.png */,
				E0A49C061AC34AD5008DF28C /* o-overline.png */,
				E0A49C071AC34AD5008DF28C /* p-reversed.png */,
				E0A49C081AC34AD5008DF28C /* pp-cc-rotated.png */,
				E0A49C091AC34AD5008DF28C /* q-reversed.png */,
				E0A49C0A1AC34AD5008DF28C /* q-slash.png */,
				E0A49C0B1AC34AD5008DF28C /* r-strikethrough.png */,
				E0A49C0C1AC34AD5008DF28C /* s-strikethrough.png */,
				E0A49C0D1AC34AD5008DF28C /* ss-strikethrough.png */,
				E0A49C0E1AC34AD5008DF28C /* star.png */,
				E0A49C0F1AC34AD5008DF28C /* vp-reversed.png */,
				E0A49C101AC34AD5008DF28C /* wavy-vertical-line.png */,
				E0A49C111AC34AD5008DF28C /* xv-overline.png */,
				E0A49C121AC34AD5008DF28C /* z-strikethrough.png */,
			);
			path = "specialchars-images";
			sourceTree = "<group>";
		};
		E0FDFA0B1A9545CC00659871 = {
			isa = PBXGroup;
			children = (
				E00457A320D0B118005AFB15 /* screenshots */,
				E00457A220D0AFEA005AFB15 /* README.md */,
				E01001E51B068A3D0049A3B9 /* MessageUI.framework */,
				E04B6F3E1AF95BAF00FA668F /* libxml2.dylib */,
				E0FDFA161A9545CC00659871 /* inscriptus */,
				E0FDFA2E1A9545CC00659871 /* inscriptusTests */,
				E0FDFA151A9545CC00659871 /* Products */,
			);
			sourceTree = "<group>";
		};
		E0FDFA151A9545CC00659871 /* Products */ = {
			isa = PBXGroup;
			children = (
				E0FDFA141A9545CC00659871 /* inscriptus.app */,
				E0FDFA2B1A9545CC00659871 /* inscriptusTests.xctest */,
			);
			name = Products;
			sourceTree = "<group>";
		};
		E0FDFA161A9545CC00659871 /* inscriptus */ = {
			isa = PBXGroup;
			children = (
				E0FDFA191A9545CC00659871 /* AppDelegate.swift */,
				E04B6F3B1AF95B6400FA668F /* inscriptus-Bridging-Header.h */,
				E0FDFA181A9545CC00659871 /* Info.plist */,
				E004579D20D0AC93005AFB15 /* View Controllers */,
				E004579C20D0AC8B005AFB15 /* Model */,
				E048416D1BC46BAE00B6F06F /* ModalWebView */,
				E04B6F2B1AF954A700FA668F /* WhitakerScraper */,
				E028AC411A98342C0058D9A1 /* Interface Files */,
				E0FDFA221A9545CC00659871 /* Images.xcassets */,
				E0FDFA171A9545CC00659871 /* Supporting Files */,
			);
			path = inscriptus;
			sourceTree = "<group>";
		};
		E0FDFA171A9545CC00659871 /* Supporting Files */ = {
			isa = PBXGroup;
			children = (
				E0A49BD21AC34AD5008DF28C /* specialchars-images */,
				E0F031561AFC07C700BC32BA /* abbs-combined.json */,
				E0F031571AFC07C700BC32BA /* abbs-specialchars.json */,
				E023FBE71AE5AABF00E8DBAC /* UIFont+.swift */,
				E04B6F2C1AF9558800FA668F /* String+.swift */,
				E01001DF1B05AACE0049A3B9 /* UIView+.swift */,
			);
			path = "Supporting Files";
			sourceTree = "<group>";
		};
		E0FDFA2E1A9545CC00659871 /* inscriptusTests */ = {
			isa = PBXGroup;
			children = (
				E0FDFA311A9545CC00659871 /* inscriptusTests.swift */,
				E0FDFA2F1A9545CC00659871 /* Supporting Files */,
			);
			path = inscriptusTests;
			sourceTree = "<group>";
		};
		E0FDFA2F1A9545CC00659871 /* Supporting Files */ = {
			isa = PBXGroup;
			children = (
				E0FDFA301A9545CC00659871 /* Info.plist */,
			);
			name = "Supporting Files";
			sourceTree = "<group>";
		};
/* End PBXGroup section */

/* Begin PBXNativeTarget section */
		E0FDFA131A9545CC00659871 /* inscriptus */ = {
			isa = PBXNativeTarget;
			buildConfigurationList = E0FDFA351A9545CC00659871 /* Build configuration list for PBXNativeTarget "inscriptus" */;
			buildPhases = (
				E0FDFA101A9545CC00659871 /* Sources */,
				E0FDFA111A9545CC00659871 /* Frameworks */,
				E028AC401A97EC3E0058D9A1 /* ShellScript */,
				E0FDFA121A9545CC00659871 /* Resources */,
			);
			buildRules = (
			);
			dependencies = (
			);
			name = inscriptus;
			productName = inscriptus;
			productReference = E0FDFA141A9545CC00659871 /* inscriptus.app */;
			productType = "com.apple.product-type.application";
		};
		E0FDFA2A1A9545CC00659871 /* inscriptusTests */ = {
			isa = PBXNativeTarget;
			buildConfigurationList = E0FDFA381A9545CC00659871 /* Build configuration list for PBXNativeTarget "inscriptusTests" */;
			buildPhases = (
				E0FDFA271A9545CC00659871 /* Sources */,
				E0FDFA281A9545CC00659871 /* Frameworks */,
				E0FDFA291A9545CC00659871 /* Resources */,
			);
			buildRules = (
			);
			dependencies = (
				E0FDFA2D1A9545CC00659871 /* PBXTargetDependency */,
			);
			name = inscriptusTests;
			productName = inscriptusTests;
			productReference = E0FDFA2B1A9545CC00659871 /* inscriptusTests.xctest */;
			productType = "com.apple.product-type.bundle.unit-test";
		};
/* End PBXNativeTarget section */

/* Begin PBXProject section */
		E0FDFA0C1A9545CC00659871 /* Project object */ = {
			isa = PBXProject;
			attributes = {
				LastSwiftMigration = 0700;
				LastUpgradeCheck = 0810;
				ORGANIZATIONNAME = "Daniel Weiner";
				TargetAttributes = {
					E0FDFA131A9545CC00659871 = {
						CreatedOnToolsVersion = 6.1.1;
						DevelopmentTeam = 5TSNJUMDQY;
						LastSwiftMigration = 0810;
					};
					E0FDFA2A1A9545CC00659871 = {
						CreatedOnToolsVersion = 6.1.1;
						DevelopmentTeam = 5TSNJUMDQY;
						LastSwiftMigration = 0810;
						TestTargetID = E0FDFA131A9545CC00659871;
					};
				};
			};
			buildConfigurationList = E0FDFA0F1A9545CC00659871 /* Build configuration list for PBXProject "inscriptus" */;
			compatibilityVersion = "Xcode 3.2";
			developmentRegion = English;
			hasScannedForEncodings = 0;
			knownRegions = (
				English,
				en,
				Base,
			);
			mainGroup = E0FDFA0B1A9545CC00659871;
			productRefGroup = E0FDFA151A9545CC00659871 /* Products */;
			projectDirPath = "";
			projectRoot = "";
			targets = (
				E0FDFA131A9545CC00659871 /* inscriptus */,
				E0FDFA2A1A9545CC00659871 /* inscriptusTests */,
			);
		};
/* End PBXProject section */

/* Begin PBXResourcesBuildPhase section */
		E0FDFA121A9545CC00659871 /* Resources */ = {
			isa = PBXResourcesBuildPhase;
			buildActionMask = 2147483647;
			files = (
				E096AFCC1AFABCAE002D6E5D /* BasicCell.xib in Resources */,
				E0A49C3F1AC34AD5008DF28C /* ml-tail-after.png in Resources */,
				E0A49C291AC34AD5008DF28C /* cscr-reversed.png in Resources */,
				E0A49C1A1AC34AD5008DF28C /* c-reversed-double-vertical.png in Resources */,
				E0A49C281AC34AD5008DF28C /* csc-reversed.png in Resources */,
				E0A49C1C1AC34AD5008DF28C /* c-reversed.png in Resources */,
				E04841741BC46C0C00B6F06F /* about.html in Resources */,
				E0A49C2E1AC34AD5008DF28C /* ii-overline.png in Resources */,
				E0A49C411AC34AD5008DF28C /* n-overline.png in Resources */,
				E00CBAD11AF6C0FD00DAD03B /* DefaultDetailView.xib in Resources */,
				E0A49C2F1AC34AD5008DF28C /* iiicl-reversed.png in Resources */,
				E0A49C4A1AC34AD5008DF28C /* q-slash.png in Resources */,
				E00457A920D0B130005AFB15 /* screen2.png in Resources */,
				E00457A820D0B130005AFB15 /* screen3.png in Resources */,
				E0A49C491AC34AD5008DF28C /* q-reversed.png in Resources */,
				E0A49C3B1AC34AD5008DF28C /* m-half.png in Resources */,
				E0A49C511AC34AD5008DF28C /* xv-overline.png in Resources */,
				E0A49C1F1AC34AD5008DF28C /* ccc-reversed.png in Resources */,
				E0A49C191AC34AD5008DF28C /* c-double-vertical.png in Resources */,
				E0A49C421AC34AD5008DF28C /* n-strikethrough.png in Resources */,
				E0A49C131AC34AD5008DF28C /* b-strikethrough.png in Resources */,
				E0A49C1B1AC34AD5008DF28C /* c-reversed-strikethrough.png in Resources */,
				E0A49C1D1AC34AD5008DF28C /* c-tiny.png in Resources */,
				E0A49C501AC34AD5008DF28C /* wavy-vertical-line.png in Resources */,
				E0A49C141AC34AD5008DF28C /* bb-strikethrough.png in Resources */,
				E0A49C301AC34AD5008DF28C /* iiiiii-vir-aug.png in Resources */,
				E0A49C1E1AC34AD5008DF28C /* cc-reversed.png in Resources */,
				E0A49C3E1AC34AD5008DF28C /* ml-rotated.png in Resources */,
				E0A49C231AC34AD5008DF28C /* chevron-right.png in Resources */,
				E01001E81B0698F80049A3B9 /* cp-reversed.png in Resources */,
				E0A49C161AC34AD5008DF28C /* bf-strikethrough 3.png in Resources */,
				E0A49C221AC34AD5008DF28C /* ccl-reversed.png in Resources */,
				E01786AC1B0139ED0022F8E2 /* InscribedCell.xib in Resources */,
				E0A49C151AC34AD5008DF28C /* bf-ligature.png in Resources */,
				E00457A020D0AEFE005AFB15 /* LaunchScreen.xib in Resources */,
				E0A49C2C1AC34AD5008DF28C /* cvr-star-fl.png in Resources */,
				E0A49C3A1AC34AD5008DF28C /* lcix-reversed.png in Resources */,
				E0A49C451AC34AD5008DF28C /* np-ligature.png in Resources */,
				E0A49C4D1AC34AD5008DF28C /* ss-strikethrough.png in Resources */,
				E0A49C171AC34AD5008DF28C /* bf-strikethrough.png in Resources */,
				E0A49C481AC34AD5008DF28C /* pp-cc-rotated.png in Resources */,
				E0A49C461AC34AD5008DF28C /* o-overline.png in Resources */,
				E0A49C331AC34AD5008DF28C /* iis-connected.png in Resources */,
				E0A49C4F1AC34AD5008DF28C /* vp-reversed.png in Resources */,
				E0A49C401AC34AD5008DF28C /* ml-tail-before.png in Resources */,
				E0A49C3D1AC34AD5008DF28C /* m-tail-after.png in Resources */,
				E0A49C371AC34AD5008DF28C /* l-rotated-strikethrough.png in Resources */,
				E0A49C471AC34AD5008DF28C /* p-reversed.png in Resources */,
				E0A49C2B1AC34AD5008DF28C /* cuns-ns-overline.png in Resources */,
				E0A49C2D1AC34AD5008DF28C /* d-strikethrough.png in Resources */,
				E0A49C251AC34AD5008DF28C /* cl-reversed.png in Resources */,
				E00457A120D0AEFE005AFB15 /* Main.storyboard in Resources */,
				E0A49C271AC34AD5008DF28C /* cs-reversed.png in Resources */,
				E0A49C4B1AC34AD5008DF28C /* r-strikethrough.png in Resources */,
				E0A49C361AC34AD5008DF28C /* k-inverted.png in Resources */,
				E0A49C381AC34AD5008DF28C /* l-rotated-tail.png in Resources */,
				E0A49C3C1AC34AD5008DF28C /* m-strikethrough.png in Resources */,
				E0A49C341AC34AD5008DF28C /* infinity-half.png in Resources */,
				E0F031581AFC07C700BC32BA /* abbs-combined.json in Resources */,
				E0A49C321AC34AD5008DF28C /* iiiiii.png in Resources */,
				E0A49C261AC34AD5008DF28C /* cross.png in Resources */,
				E0A49C4E1AC34AD5008DF28C /* star.png in Resources */,
				E0A49C181AC34AD5008DF28C /* brace-right-mid.png in Resources */,
				E0A49C521AC34AD5008DF28C /* z-strikethrough.png in Resources */,
				E0A49C351AC34AD5008DF28C /* is-connected.png in Resources */,
				E0F031591AFC07C700BC32BA /* abbs-specialchars.json in Resources */,
				E0A49C201AC34AD5008DF28C /* cccc-overline.png in Resources */,
				E0A49C431AC34AD5008DF28C /* nf-ligature.png in Resources */,
				E0A49C311AC34AD5008DF28C /* iiiiii-vir.png in Resources */,
				E0A49C4C1AC34AD5008DF28C /* s-strikethrough.png in Resources */,
				E01001DE1B0598D10049A3B9 /* DefaultFavoritesView.xib in Resources */,
				E04841731BC46C0C00B6F06F /* bootstrap.css in Resources */,
				E0FDFA231A9545CC00659871 /* Images.xcassets in Resources */,
				E028AC4D1A99251D0058D9A1 /* AbbreviationCell.xib in Resources */,
				E048416C1BC46B9300B6F06F /* ModalWebView.xib in Resources */,
				E0A49C241AC34AD5008DF28C /* circle-dotted.png in Resources */,
				E0A49C391AC34AD5008DF28C /* lc-reversed.png in Resources */,
				E00457A720D0B130005AFB15 /* screen1.png in Resources */,
				E0A49C441AC34AD5008DF28C /* np-ligature 2.png in Resources */,
				E0A49C2A1AC34AD5008DF28C /* ctra-reversed.png in Resources */,
			);
			runOnlyForDeploymentPostprocessing = 0;
		};
		E0FDFA291A9545CC00659871 /* Resources */ = {
			isa = PBXResourcesBuildPhase;
			buildActionMask = 2147483647;
			files = (
			);
			runOnlyForDeploymentPostprocessing = 0;
		};
/* End PBXResourcesBuildPhase section */

/* Begin PBXShellScriptBuildPhase section */
		E028AC401A97EC3E0058D9A1 /* ShellScript */ = {
			isa = PBXShellScriptBuildPhase;
			buildActionMask = 2147483647;
			files = (
			);
			inputPaths = (
			);
			outputPaths = (
			);
			runOnlyForDeploymentPostprocessing = 0;
			shellPath = /bin/bash;
			shellScript = "buildNumber=$(/usr/libexec/PlistBuddy -c \"Print CFBundleVersion\" \"$INFOPLIST_FILE\")\nbuildNumber=$(($buildNumber + 1))\n/usr/libexec/PlistBuddy -c \"Set :CFBundleVersion $buildNumber\" \"$INFOPLIST_FILE\"";
		};
/* End PBXShellScriptBuildPhase section */

/* Begin PBXSourcesBuildPhase section */
		E0FDFA101A9545CC00659871 /* Sources */ = {
			isa = PBXSourcesBuildPhase;
			buildActionMask = 2147483647;
			files = (
				E01786AE1B0139F70022F8E2 /* InscribedCell.swift in Sources */,
				E096AFCE1AFAC041002D6E5D /* WhitakerResult.swift in Sources */,
				E0FDFA1E1A9545CC00659871 /* DetailViewController.swift in Sources */,
				E023FBE81AE5AABF00E8DBAC /* UIFont+.swift in Sources */,
				E04B6F2A1AF9549900FA668F /* WhitakerScraperDelegate.swift in Sources */,
				E03ADFEE1AF6CD41002CFD5C /* BasicCell.swift in Sources */,
				E04B6F281AF9549900FA668F /* WhitakerDefinition.swift in Sources */,
				E0FDFA1C1A9545CC00659871 /* MasterViewController.swift in Sources */,
				E0FDFA1A1A9545CC00659871 /* AppDelegate.swift in Sources */,
				E02549C11B0C3D1000A329E9 /* WhitakerCache.swift in Sources */,
				E04B6F391AF95B2100FA668F /* TFHppleElement.m in Sources */,
				E028AC4B1A99244A0058D9A1 /* UnsearchablesViewController.swift in Sources */,
				E0846DB41AC6658F0004E1B0 /* AbbreviationCollection.swift in Sources */,
				E0610DA61B0828D2006A4FBB /* smallModalAnimator.swift in Sources */,
				E01D1D021B00503200ABB9DF /* foldOutAnimator.swift in Sources */,
				E04B6F381AF95B2100FA668F /* TFHpple.m in Sources */,
				E028AC431A98344F0058D9A1 /* AbbreviationCell.swift in Sources */,
				E01001D61B02ECB70049A3B9 /* ApplicationState.swift in Sources */,
				E04B6F421AF95E9000FA668F /* DefinitionViewController.swift in Sources */,
				E04841701BC46BBB00B6F06F /* ModalWebViewController.m in Sources */,
				E0610DA81B082B78006A4FBB /* SpecialCoachController.swift in Sources */,
				E0FDFA3C1A9546D200659871 /* Abbreviation.swift in Sources */,
				E04B6F2D1AF9558800FA668F /* String+.swift in Sources */,
				E04B6F291AF9549900FA668F /* WhitakerScraper.swift in Sources */,
				E04B6F441AF95EA900FA668F /* DefinitionCell.swift in Sources */,
				E04B6F3A1AF95B2100FA668F /* XPathQuery.m in Sources */,
				E01001E01B05AACE0049A3B9 /* UIView+.swift in Sources */,
			);
			runOnlyForDeploymentPostprocessing = 0;
		};
		E0FDFA271A9545CC00659871 /* Sources */ = {
			isa = PBXSourcesBuildPhase;
			buildActionMask = 2147483647;
			files = (
				E0FDFA321A9545CC00659871 /* inscriptusTests.swift in Sources */,
			);
			runOnlyForDeploymentPostprocessing = 0;
		};
/* End PBXSourcesBuildPhase section */

/* Begin PBXTargetDependency section */
		E0FDFA2D1A9545CC00659871 /* PBXTargetDependency */ = {
			isa = PBXTargetDependency;
			target = E0FDFA131A9545CC00659871 /* inscriptus */;
			targetProxy = E0FDFA2C1A9545CC00659871 /* PBXContainerItemProxy */;
		};
/* End PBXTargetDependency section */

/* Begin XCBuildConfiguration section */
		E0FDFA331A9545CC00659871 /* Debug */ = {
			isa = XCBuildConfiguration;
			buildSettings = {
				ALWAYS_SEARCH_USER_PATHS = NO;
				CLANG_CXX_LANGUAGE_STANDARD = "gnu++0x";
				CLANG_CXX_LIBRARY = "libc++";
				CLANG_ENABLE_MODULES = YES;
				CLANG_ENABLE_OBJC_ARC = YES;
				CLANG_WARN_BOOL_CONVERSION = YES;
				CLANG_WARN_CONSTANT_CONVERSION = YES;
				CLANG_WARN_DIRECT_OBJC_ISA_USAGE = YES_ERROR;
				CLANG_WARN_EMPTY_BODY = YES;
				CLANG_WARN_ENUM_CONVERSION = YES;
				CLANG_WARN_INFINITE_RECURSION = YES;
				CLANG_WARN_INT_CONVERSION = YES;
				CLANG_WARN_OBJC_ROOT_CLASS = YES_ERROR;
				CLANG_WARN_SUSPICIOUS_MOVE = YES;
				CLANG_WARN_UNREACHABLE_CODE = YES;
				CLANG_WARN__DUPLICATE_METHOD_MATCH = YES;
				"CODE_SIGN_IDENTITY[sdk=iphoneos*]" = "iPhone Developer";
				COPY_PHASE_STRIP = NO;
				ENABLE_STRICT_OBJC_MSGSEND = YES;
				ENABLE_TESTABILITY = YES;
				GCC_C_LANGUAGE_STANDARD = gnu99;
				GCC_DYNAMIC_NO_PIC = NO;
				GCC_NO_COMMON_BLOCKS = YES;
				GCC_OPTIMIZATION_LEVEL = 0;
				GCC_PREPROCESSOR_DEFINITIONS = (
					"DEBUG=1",
					"$(inherited)",
				);
				GCC_SYMBOLS_PRIVATE_EXTERN = NO;
				GCC_WARN_64_TO_32_BIT_CONVERSION = YES;
				GCC_WARN_ABOUT_RETURN_TYPE = YES_ERROR;
				GCC_WARN_UNDECLARED_SELECTOR = YES;
				GCC_WARN_UNINITIALIZED_AUTOS = YES_AGGRESSIVE;
				GCC_WARN_UNUSED_FUNCTION = YES;
				GCC_WARN_UNUSED_VARIABLE = YES;
				IPHONEOS_DEPLOYMENT_TARGET = 9.1;
				MTL_ENABLE_DEBUG_INFO = YES;
				ONLY_ACTIVE_ARCH = YES;
				SDKROOT = iphoneos;
				SWIFT_OPTIMIZATION_LEVEL = "-Onone";
				TARGETED_DEVICE_FAMILY = "1,2";
			};
			name = Debug;
		};
		E0FDFA341A9545CC00659871 /* Release */ = {
			isa = XCBuildConfiguration;
			buildSettings = {
				ALWAYS_SEARCH_USER_PATHS = NO;
				CLANG_CXX_LANGUAGE_STANDARD = "gnu++0x";
				CLANG_CXX_LIBRARY = "libc++";
				CLANG_ENABLE_MODULES = YES;
				CLANG_ENABLE_OBJC_ARC = YES;
				CLANG_WARN_BOOL_CONVERSION = YES;
				CLANG_WARN_CONSTANT_CONVERSION = YES;
				CLANG_WARN_DIRECT_OBJC_ISA_USAGE = YES_ERROR;
				CLANG_WARN_EMPTY_BODY = YES;
				CLANG_WARN_ENUM_CONVERSION = YES;
				CLANG_WARN_INFINITE_RECURSION = YES;
				CLANG_WARN_INT_CONVERSION = YES;
				CLANG_WARN_OBJC_ROOT_CLASS = YES_ERROR;
				CLANG_WARN_SUSPICIOUS_MOVE = YES;
				CLANG_WARN_UNREACHABLE_CODE = YES;
				CLANG_WARN__DUPLICATE_METHOD_MATCH = YES;
				"CODE_SIGN_IDENTITY[sdk=iphoneos*]" = "iPhone Developer";
				COPY_PHASE_STRIP = YES;
				ENABLE_NS_ASSERTIONS = NO;
				ENABLE_STRICT_OBJC_MSGSEND = YES;
				GCC_C_LANGUAGE_STANDARD = gnu99;
				GCC_NO_COMMON_BLOCKS = YES;
				GCC_WARN_64_TO_32_BIT_CONVERSION = YES;
				GCC_WARN_ABOUT_RETURN_TYPE = YES_ERROR;
				GCC_WARN_UNDECLARED_SELECTOR = YES;
				GCC_WARN_UNINITIALIZED_AUTOS = YES_AGGRESSIVE;
				GCC_WARN_UNUSED_FUNCTION = YES;
				GCC_WARN_UNUSED_VARIABLE = YES;
				IPHONEOS_DEPLOYMENT_TARGET = 9.1;
				MTL_ENABLE_DEBUG_INFO = NO;
				SDKROOT = iphoneos;
				SWIFT_OPTIMIZATION_LEVEL = "-Owholemodule";
				TARGETED_DEVICE_FAMILY = "1,2";
				VALIDATE_PRODUCT = YES;
			};
			name = Release;
		};
		E0FDFA361A9545CC00659871 /* Debug */ = {
			isa = XCBuildConfiguration;
			buildSettings = {
				ASSETCATALOG_COMPILER_APPICON_NAME = AppIcon;
				CLANG_ENABLE_MODULES = YES;
				CODE_SIGN_IDENTITY = "iPhone Developer";
				"CODE_SIGN_IDENTITY[sdk=iphoneos*]" = "iPhone Developer";
				DEVELOPMENT_TEAM = 5TSNJUMDQY;
				GCC_OPTIMIZATION_LEVEL = s;
				HEADER_SEARCH_PATHS = (
					"$(inherited)",
					"/Applications/Xcode-beta.app/Contents/Developer/Toolchains/XcodeDefault.xctoolchain/usr/include",
					"$(SDKROOT)/usr/include/libxml2",
				);
				INFOPLIST_FILE = inscriptus/Info.plist;
				IPHONEOS_DEPLOYMENT_TARGET = 9.1;
				LD_RUNPATH_SEARCH_PATHS = "$(inherited) @executable_path/Frameworks";
				PRODUCT_BUNDLE_IDENTIFIER = "com.danielweiner.$(PRODUCT_NAME:rfc1034identifier)";
				PRODUCT_NAME = "$(TARGET_NAME)";
				PROVISIONING_PROFILE = "";
				SWIFT_OBJC_BRIDGING_HEADER = "inscriptus/inscriptus-Bridging-Header.h";
				SWIFT_OPTIMIZATION_LEVEL = "-O";
				SWIFT_VERSION = 5.0;
				TARGETED_DEVICE_FAMILY = 1;
			};
			name = Debug;
		};
		E0FDFA371A9545CC00659871 /* Release */ = {
			isa = XCBuildConfiguration;
			buildSettings = {
				ASSETCATALOG_COMPILER_APPICON_NAME = AppIcon;
				CLANG_ENABLE_MODULES = YES;
				CODE_SIGN_IDENTITY = "iPhone Developer";
				"CODE_SIGN_IDENTITY[sdk=iphoneos*]" = "iPhone Developer";
				DEVELOPMENT_TEAM = 5TSNJUMDQY;
				GCC_OPTIMIZATION_LEVEL = s;
				HEADER_SEARCH_PATHS = (
					"$(inherited)",
					"/Applications/Xcode-beta.app/Contents/Developer/Toolchains/XcodeDefault.xctoolchain/usr/include",
					"$(SDKROOT)/usr/include/libxml2",
				);
				INFOPLIST_FILE = inscriptus/Info.plist;
				IPHONEOS_DEPLOYMENT_TARGET = 9.1;
				LD_RUNPATH_SEARCH_PATHS = "$(inherited) @executable_path/Frameworks";
				PRODUCT_BUNDLE_IDENTIFIER = "com.danielweiner.$(PRODUCT_NAME:rfc1034identifier)";
				PRODUCT_NAME = "$(TARGET_NAME)";
				PROVISIONING_PROFILE = "";
				SWIFT_OBJC_BRIDGING_HEADER = "inscriptus/inscriptus-Bridging-Header.h";
				SWIFT_VERSION = 5.0;
				TARGETED_DEVICE_FAMILY = 1;
			};
			name = Release;
		};
		E0FDFA391A9545CC00659871 /* Debug */ = {
			isa = XCBuildConfiguration;
			buildSettings = {
				BUNDLE_LOADER = "$(TEST_HOST)";
				CODE_SIGN_IDENTITY = "iPhone Developer";
				"CODE_SIGN_IDENTITY[sdk=iphoneos*]" = "iPhone Developer";
				FRAMEWORK_SEARCH_PATHS = (
					"$(SDKROOT)/Developer/Library/Frameworks",
					"$(inherited)",
				);
				GCC_PREPROCESSOR_DEFINITIONS = (
					"DEBUG=1",
					"$(inherited)",
				);
				INFOPLIST_FILE = inscriptusTests/Info.plist;
				LD_RUNPATH_SEARCH_PATHS = "$(inherited) @executable_path/Frameworks @loader_path/Frameworks";
				PRODUCT_BUNDLE_IDENTIFIER = "com.danielweiner.$(PRODUCT_NAME:rfc1034identifier)";
				PRODUCT_NAME = "$(TARGET_NAME)";
				PROVISIONING_PROFILE = "";
				SWIFT_VERSION = 3.0;
				TEST_HOST = "$(BUILT_PRODUCTS_DIR)/inscriptus.app/inscriptus";
			};
			name = Debug;
		};
		E0FDFA3A1A9545CC00659871 /* Release */ = {
			isa = XCBuildConfiguration;
			buildSettings = {
				BUNDLE_LOADER = "$(TEST_HOST)";
				CODE_SIGN_IDENTITY = "iPhone Developer";
				"CODE_SIGN_IDENTITY[sdk=iphoneos*]" = "iPhone Developer";
				FRAMEWORK_SEARCH_PATHS = (
					"$(SDKROOT)/Developer/Library/Frameworks",
					"$(inherited)",
				);
				INFOPLIST_FILE = inscriptusTests/Info.plist;
				LD_RUNPATH_SEARCH_PATHS = "$(inherited) @executable_path/Frameworks @loader_path/Frameworks";
				PRODUCT_BUNDLE_IDENTIFIER = "com.danielweiner.$(PRODUCT_NAME:rfc1034identifier)";
				PRODUCT_NAME = "$(TARGET_NAME)";
				PROVISIONING_PROFILE = "";
				SWIFT_VERSION = 3.0;
				TEST_HOST = "$(BUILT_PRODUCTS_DIR)/inscriptus.app/inscriptus";
			};
			name = Release;
		};
/* End XCBuildConfiguration section */

/* Begin XCConfigurationList section */
		E0FDFA0F1A9545CC00659871 /* Build configuration list for PBXProject "inscriptus" */ = {
			isa = XCConfigurationList;
			buildConfigurations = (
				E0FDFA331A9545CC00659871 /* Debug */,
				E0FDFA341A9545CC00659871 /* Release */,
			);
			defaultConfigurationIsVisible = 0;
			defaultConfigurationName = Release;
		};
		E0FDFA351A9545CC00659871 /* Build configuration list for PBXNativeTarget "inscriptus" */ = {
			isa = XCConfigurationList;
			buildConfigurations = (
				E0FDFA361A9545CC00659871 /* Debug */,
				E0FDFA371A9545CC00659871 /* Release */,
			);
			defaultConfigurationIsVisible = 0;
			defaultConfigurationName = Release;
		};
		E0FDFA381A9545CC00659871 /* Build configuration list for PBXNativeTarget "inscriptusTests" */ = {
			isa = XCConfigurationList;
			buildConfigurations = (
				E0FDFA391A9545CC00659871 /* Debug */,
				E0FDFA3A1A9545CC00659871 /* Release */,
			);
			defaultConfigurationIsVisible = 0;
			defaultConfigurationName = Release;
		};
/* End XCConfigurationList section */
	};
	rootObject = E0FDFA0C1A9545CC00659871 /* Project object */;
}
