// !$*UTF8*$!
{
	archiveVersion = 1;
	classes = {
	};
	objectVersion = 46;
	objects = {

/* Begin PBXBuildFile section */
		E028AC431A98344F0058D9A1 /* AbbreviationCell.swift in Sources */ = {isa = PBXBuildFile; fileRef = E028AC421A98344F0058D9A1 /* AbbreviationCell.swift */; };
		E028AC4B1A99244A0058D9A1 /* UnsearchablesViewController.swift in Sources */ = {isa = PBXBuildFile; fileRef = E028AC4A1A99244A0058D9A1 /* UnsearchablesViewController.swift */; };
		E028AC4D1A99251D0058D9A1 /* AbbreviationCell.xib in Resources */ = {isa = PBXBuildFile; fileRef = E028AC4C1A99251D0058D9A1 /* AbbreviationCell.xib */; };
		E0FDFA1A1A9545CC00659871 /* AppDelegate.swift in Sources */ = {isa = PBXBuildFile; fileRef = E0FDFA191A9545CC00659871 /* AppDelegate.swift */; };
		E0FDFA1C1A9545CC00659871 /* MasterViewController.swift in Sources */ = {isa = PBXBuildFile; fileRef = E0FDFA1B1A9545CC00659871 /* MasterViewController.swift */; };
		E0FDFA1E1A9545CC00659871 /* DetailViewController.swift in Sources */ = {isa = PBXBuildFile; fileRef = E0FDFA1D1A9545CC00659871 /* DetailViewController.swift */; };
		E0FDFA211A9545CC00659871 /* Main.storyboard in Resources */ = {isa = PBXBuildFile; fileRef = E0FDFA1F1A9545CC00659871 /* Main.storyboard */; };
		E0FDFA231A9545CC00659871 /* Images.xcassets in Resources */ = {isa = PBXBuildFile; fileRef = E0FDFA221A9545CC00659871 /* Images.xcassets */; };
		E0FDFA261A9545CC00659871 /* LaunchScreen.xib in Resources */ = {isa = PBXBuildFile; fileRef = E0FDFA241A9545CC00659871 /* LaunchScreen.xib */; };
		E0FDFA321A9545CC00659871 /* inscriptusTests.swift in Sources */ = {isa = PBXBuildFile; fileRef = E0FDFA311A9545CC00659871 /* inscriptusTests.swift */; };
		E0FDFA3C1A9546D200659871 /* Abbreviation.swift in Sources */ = {isa = PBXBuildFile; fileRef = E0FDFA3B1A9546D200659871 /* Abbreviation.swift */; };
		E0FDFA431A95475D00659871 /* abbs-combined.json in Resources */ = {isa = PBXBuildFile; fileRef = E0FDFA411A95475D00659871 /* abbs-combined.json */; };
		E0FDFA441A95475D00659871 /* abbs-specialchars.json in Resources */ = {isa = PBXBuildFile; fileRef = E0FDFA421A95475D00659871 /* abbs-specialchars.json */; };
/* End PBXBuildFile section */

/* Begin PBXContainerItemProxy section */
		E0FDFA2C1A9545CC00659871 /* PBXContainerItemProxy */ = {
			isa = PBXContainerItemProxy;
			containerPortal = E0FDFA0C1A9545CC00659871 /* Project object */;
			proxyType = 1;
			remoteGlobalIDString = E0FDFA131A9545CC00659871;
			remoteInfo = inscriptus;
		};
/* End PBXContainerItemProxy section */

/* Begin PBXFileReference section */
		E028AC421A98344F0058D9A1 /* AbbreviationCell.swift */ = {isa = PBXFileReference; fileEncoding = 4; lastKnownFileType = sourcecode.swift; path = AbbreviationCell.swift; sourceTree = "<group>"; };
		E028AC4A1A99244A0058D9A1 /* UnsearchablesViewController.swift */ = {isa = PBXFileReference; fileEncoding = 4; lastKnownFileType = sourcecode.swift; name = UnsearchablesViewController.swift; path = ../UnsearchablesViewController.swift; sourceTree = "<group>"; };
		E028AC4C1A99251D0058D9A1 /* AbbreviationCell.xib */ = {isa = PBXFileReference; fileEncoding = 4; lastKnownFileType = file.xib; path = AbbreviationCell.xib; sourceTree = "<group>"; };
		E0FDFA141A9545CC00659871 /* inscriptus.app */ = {isa = PBXFileReference; explicitFileType = wrapper.application; includeInIndex = 0; path = inscriptus.app; sourceTree = BUILT_PRODUCTS_DIR; };
		E0FDFA181A9545CC00659871 /* Info.plist */ = {isa = PBXFileReference; lastKnownFileType = text.plist.xml; path = Info.plist; sourceTree = "<group>"; };
		E0FDFA191A9545CC00659871 /* AppDelegate.swift */ = {isa = PBXFileReference; lastKnownFileType = sourcecode.swift; path = AppDelegate.swift; sourceTree = "<group>"; };
		E0FDFA1B1A9545CC00659871 /* MasterViewController.swift */ = {isa = PBXFileReference; lastKnownFileType = sourcecode.swift; path = MasterViewController.swift; sourceTree = "<group>"; };
		E0FDFA1D1A9545CC00659871 /* DetailViewController.swift */ = {isa = PBXFileReference; lastKnownFileType = sourcecode.swift; path = DetailViewController.swift; sourceTree = "<group>"; };
		E0FDFA201A9545CC00659871 /* Base */ = {isa = PBXFileReference; lastKnownFileType = file.storyboard; name = Base; path = Base.lproj/Main.storyboard; sourceTree = "<group>"; };
		E0FDFA221A9545CC00659871 /* Images.xcassets */ = {isa = PBXFileReference; lastKnownFileType = folder.assetcatalog; path = Images.xcassets; sourceTree = "<group>"; };
		E0FDFA251A9545CC00659871 /* Base */ = {isa = PBXFileReference; lastKnownFileType = file.xib; name = Base; path = Base.lproj/LaunchScreen.xib; sourceTree = "<group>"; };
		E0FDFA2B1A9545CC00659871 /* inscriptusTests.xctest */ = {isa = PBXFileReference; explicitFileType = wrapper.cfbundle; includeInIndex = 0; path = inscriptusTests.xctest; sourceTree = BUILT_PRODUCTS_DIR; };
		E0FDFA301A9545CC00659871 /* Info.plist */ = {isa = PBXFileReference; lastKnownFileType = text.plist.xml; path = Info.plist; sourceTree = "<group>"; };
		E0FDFA311A9545CC00659871 /* inscriptusTests.swift */ = {isa = PBXFileReference; lastKnownFileType = sourcecode.swift; path = inscriptusTests.swift; sourceTree = "<group>"; };
		E0FDFA3B1A9546D200659871 /* Abbreviation.swift */ = {isa = PBXFileReference; fileEncoding = 4; lastKnownFileType = sourcecode.swift; path = Abbreviation.swift; sourceTree = "<group>"; };
		E0FDFA411A95475D00659871 /* abbs-combined.json */ = {isa = PBXFileReference; fileEncoding = 4; lastKnownFileType = text.json; path = "abbs-combined.json"; sourceTree = "<group>"; };
		E0FDFA421A95475D00659871 /* abbs-specialchars.json */ = {isa = PBXFileReference; fileEncoding = 4; lastKnownFileType = text.json; path = "abbs-specialchars.json"; sourceTree = "<group>"; };
/* End PBXFileReference section */

/* Begin PBXFrameworksBuildPhase section */
		E0FDFA111A9545CC00659871 /* Frameworks */ = {
			isa = PBXFrameworksBuildPhase;
			buildActionMask = 2147483647;
			files = (
			);
			runOnlyForDeploymentPostprocessing = 0;
		};
		E0FDFA281A9545CC00659871 /* Frameworks */ = {
			isa = PBXFrameworksBuildPhase;
			buildActionMask = 2147483647;
			files = (
			);
			runOnlyForDeploymentPostprocessing = 0;
		};
/* End PBXFrameworksBuildPhase section */

/* Begin PBXGroup section */
		E028AC411A98342C0058D9A1 /* Interface Files */ = {
			isa = PBXGroup;
			children = (
				E0FDFA1F1A9545CC00659871 /* Main.storyboard */,
				E028AC4C1A99251D0058D9A1 /* AbbreviationCell.xib */,
				E0FDFA241A9545CC00659871 /* LaunchScreen.xib */,
				E028AC421A98344F0058D9A1 /* AbbreviationCell.swift */,
			);
			name = "Interface Files";
			sourceTree = "<group>";
		};
		E0FDFA0B1A9545CC00659871 = {
			isa = PBXGroup;
			children = (
				E0FDFA161A9545CC00659871 /* inscriptus */,
				E0FDFA2E1A9545CC00659871 /* inscriptusTests */,
				E0FDFA151A9545CC00659871 /* Products */,
			);
			sourceTree = "<group>";
		};
		E0FDFA151A9545CC00659871 /* Products */ = {
			isa = PBXGroup;
			children = (
				E0FDFA141A9545CC00659871 /* inscriptus.app */,
				E0FDFA2B1A9545CC00659871 /* inscriptusTests.xctest */,
			);
			name = Products;
			sourceTree = "<group>";
		};
		E0FDFA161A9545CC00659871 /* inscriptus */ = {
			isa = PBXGroup;
			children = (
				E028AC4A1A99244A0058D9A1 /* UnsearchablesViewController.swift */,
				E0FDFA191A9545CC00659871 /* AppDelegate.swift */,
				E0FDFA1B1A9545CC00659871 /* MasterViewController.swift */,
				E0FDFA1D1A9545CC00659871 /* DetailViewController.swift */,
				E0FDFA3B1A9546D200659871 /* Abbreviation.swift */,
				E028AC411A98342C0058D9A1 /* Interface Files */,
				E0FDFA221A9545CC00659871 /* Images.xcassets */,
				E0FDFA411A95475D00659871 /* abbs-combined.json */,
				E0FDFA421A95475D00659871 /* abbs-specialchars.json */,
				E0FDFA171A9545CC00659871 /* Supporting Files */,
			);
			path = inscriptus;
			sourceTree = "<group>";
		};
		E0FDFA171A9545CC00659871 /* Supporting Files */ = {
			isa = PBXGroup;
			children = (
				E0FDFA181A9545CC00659871 /* Info.plist */,
			);
			name = "Supporting Files";
			sourceTree = "<group>";
		};
		E0FDFA2E1A9545CC00659871 /* inscriptusTests */ = {
			isa = PBXGroup;
			children = (
				E0FDFA311A9545CC00659871 /* inscriptusTests.swift */,
				E0FDFA2F1A9545CC00659871 /* Supporting Files */,
			);
			path = inscriptusTests;
			sourceTree = "<group>";
		};
		E0FDFA2F1A9545CC00659871 /* Supporting Files */ = {
			isa = PBXGroup;
			children = (
				E0FDFA301A9545CC00659871 /* Info.plist */,
			);
			name = "Supporting Files";
			sourceTree = "<group>";
		};
/* End PBXGroup section */

/* Begin PBXNativeTarget section */
		E0FDFA131A9545CC00659871 /* inscriptus */ = {
			isa = PBXNativeTarget;
			buildConfigurationList = E0FDFA351A9545CC00659871 /* Build configuration list for PBXNativeTarget "inscriptus" */;
			buildPhases = (
				E0FDFA101A9545CC00659871 /* Sources */,
				E0FDFA111A9545CC00659871 /* Frameworks */,
				E028AC401A97EC3E0058D9A1 /* ShellScript */,
				E0FDFA121A9545CC00659871 /* Resources */,
			);
			buildRules = (
			);
			dependencies = (
			);
			name = inscriptus;
			productName = inscriptus;
			productReference = E0FDFA141A9545CC00659871 /* inscriptus.app */;
			productType = "com.apple.product-type.application";
		};
		E0FDFA2A1A9545CC00659871 /* inscriptusTests */ = {
			isa = PBXNativeTarget;
			buildConfigurationList = E0FDFA381A9545CC00659871 /* Build configuration list for PBXNativeTarget "inscriptusTests" */;
			buildPhases = (
				E0FDFA271A9545CC00659871 /* Sources */,
				E0FDFA281A9545CC00659871 /* Frameworks */,
				E0FDFA291A9545CC00659871 /* Resources */,
			);
			buildRules = (
			);
			dependencies = (
				E0FDFA2D1A9545CC00659871 /* PBXTargetDependency */,
			);
			name = inscriptusTests;
			productName = inscriptusTests;
			productReference = E0FDFA2B1A9545CC00659871 /* inscriptusTests.xctest */;
			productType = "com.apple.product-type.bundle.unit-test";
		};
/* End PBXNativeTarget section */

/* Begin PBXProject section */
		E0FDFA0C1A9545CC00659871 /* Project object */ = {
			isa = PBXProject;
			attributes = {
				LastUpgradeCheck = 0610;
				ORGANIZATIONNAME = "Daniel Weiner";
				TargetAttributes = {
					E0FDFA131A9545CC00659871 = {
						CreatedOnToolsVersion = 6.1.1;
						DevelopmentTeam = 5TSNJUMDQY;
					};
					E0FDFA2A1A9545CC00659871 = {
						CreatedOnToolsVersion = 6.1.1;
						DevelopmentTeam = 5TSNJUMDQY;
						TestTargetID = E0FDFA131A9545CC00659871;
					};
				};
			};
			buildConfigurationList = E0FDFA0F1A9545CC00659871 /* Build configuration list for PBXProject "inscriptus" */;
			compatibilityVersion = "Xcode 3.2";
			developmentRegion = English;
			hasScannedForEncodings = 0;
			knownRegions = (
				en,
				Base,
			);
			mainGroup = E0FDFA0B1A9545CC00659871;
			productRefGroup = E0FDFA151A9545CC00659871 /* Products */;
			projectDirPath = "";
			projectRoot = "";
			targets = (
				E0FDFA131A9545CC00659871 /* inscriptus */,
				E0FDFA2A1A9545CC00659871 /* inscriptusTests */,
			);
		};
/* End PBXProject section */

/* Begin PBXResourcesBuildPhase section */
		E0FDFA121A9545CC00659871 /* Resources */ = {
			isa = PBXResourcesBuildPhase;
			buildActionMask = 2147483647;
			files = (
				E0FDFA431A95475D00659871 /* abbs-combined.json in Resources */,
				E0FDFA441A95475D00659871 /* abbs-specialchars.json in Resources */,
				E0FDFA211A9545CC00659871 /* Main.storyboard in Resources */,
				E0FDFA261A9545CC00659871 /* LaunchScreen.xib in Resources */,
				E0FDFA231A9545CC00659871 /* Images.xcassets in Resources */,
				E028AC4D1A99251D0058D9A1 /* AbbreviationCell.xib in Resources */,
			);
			runOnlyForDeploymentPostprocessing = 0;
		};
		E0FDFA291A9545CC00659871 /* Resources */ = {
			isa = PBXResourcesBuildPhase;
			buildActionMask = 2147483647;
			files = (
			);
			runOnlyForDeploymentPostprocessing = 0;
		};
/* End PBXResourcesBuildPhase section */

/* Begin PBXShellScriptBuildPhase section */
		E028AC401A97EC3E0058D9A1 /* ShellScript */ = {
			isa = PBXShellScriptBuildPhase;
			buildActionMask = 2147483647;
			files = (
			);
			inputPaths = (
			);
			outputPaths = (
			);
			runOnlyForDeploymentPostprocessing = 0;
			shellPath = /bin/bash;
			shellScript = "buildNumber=$(/usr/libexec/PlistBuddy -c \"Print CFBundleVersion\" \"$INFOPLIST_FILE\")\nbuildNumber=$(($buildNumber + 1))\n/usr/libexec/PlistBuddy -c \"Set :CFBundleVersion $buildNumber\" \"$INFOPLIST_FILE\"";
		};
/* End PBXShellScriptBuildPhase section */

/* Begin PBXSourcesBuildPhase section */
		E0FDFA101A9545CC00659871 /* Sources */ = {
			isa = PBXSourcesBuildPhase;
			buildActionMask = 2147483647;
			files = (
				E0FDFA1E1A9545CC00659871 /* DetailViewController.swift in Sources */,
				E0FDFA1C1A9545CC00659871 /* MasterViewController.swift in Sources */,
				E0FDFA1A1A9545CC00659871 /* AppDelegate.swift in Sources */,
				E028AC4B1A99244A0058D9A1 /* UnsearchablesViewController.swift in Sources */,
				E028AC431A98344F0058D9A1 /* AbbreviationCell.swift in Sources */,
				E0FDFA3C1A9546D200659871 /* Abbreviation.swift in Sources */,
			);
			runOnlyForDeploymentPostprocessing = 0;
		};
		E0FDFA271A9545CC00659871 /* Sources */ = {
			isa = PBXSourcesBuildPhase;
			buildActionMask = 2147483647;
			files = (
				E0FDFA321A9545CC00659871 /* inscriptusTests.swift in Sources */,
			);
			runOnlyForDeploymentPostprocessing = 0;
		};
/* End PBXSourcesBuildPhase section */

/* Begin PBXTargetDependency section */
		E0FDFA2D1A9545CC00659871 /* PBXTargetDependency */ = {
			isa = PBXTargetDependency;
			target = E0FDFA131A9545CC00659871 /* inscriptus */;
			targetProxy = E0FDFA2C1A9545CC00659871 /* PBXContainerItemProxy */;
		};
/* End PBXTargetDependency section */

/* Begin PBXVariantGroup section */
		E0FDFA1F1A9545CC00659871 /* Main.storyboard */ = {
			isa = PBXVariantGroup;
			children = (
				E0FDFA201A9545CC00659871 /* Base */,
			);
			name = Main.storyboard;
			sourceTree = "<group>";
		};
		E0FDFA241A9545CC00659871 /* LaunchScreen.xib */ = {
			isa = PBXVariantGroup;
			children = (
				E0FDFA251A9545CC00659871 /* Base */,
			);
			name = LaunchScreen.xib;
			sourceTree = "<group>";
		};
/* End PBXVariantGroup section */

/* Begin XCBuildConfiguration section */
		E0FDFA331A9545CC00659871 /* Debug */ = {
			isa = XCBuildConfiguration;
			buildSettings = {
				ALWAYS_SEARCH_USER_PATHS = NO;
				CLANG_CXX_LANGUAGE_STANDARD = "gnu++0x";
				CLANG_CXX_LIBRARY = "libc++";
				CLANG_ENABLE_MODULES = YES;
				CLANG_ENABLE_OBJC_ARC = YES;
				CLANG_WARN_BOOL_CONVERSION = YES;
				CLANG_WARN_CONSTANT_CONVERSION = YES;
				CLANG_WARN_DIRECT_OBJC_ISA_USAGE = YES_ERROR;
				CLANG_WARN_EMPTY_BODY = YES;
				CLANG_WARN_ENUM_CONVERSION = YES;
				CLANG_WARN_INT_CONVERSION = YES;
				CLANG_WARN_OBJC_ROOT_CLASS = YES_ERROR;
				CLANG_WARN_UNREACHABLE_CODE = YES;
				CLANG_WARN__DUPLICATE_METHOD_MATCH = YES;
				"CODE_SIGN_IDENTITY[sdk=iphoneos*]" = "iPhone Developer";
				COPY_PHASE_STRIP = NO;
				ENABLE_STRICT_OBJC_MSGSEND = YES;
				GCC_C_LANGUAGE_STANDARD = gnu99;
				GCC_DYNAMIC_NO_PIC = NO;
				GCC_OPTIMIZATION_LEVEL = 0;
				GCC_PREPROCESSOR_DEFINITIONS = (
					"DEBUG=1",
					"$(inherited)",
				);
				GCC_SYMBOLS_PRIVATE_EXTERN = NO;
				GCC_WARN_64_TO_32_BIT_CONVERSION = YES;
				GCC_WARN_ABOUT_RETURN_TYPE = YES_ERROR;
				GCC_WARN_UNDECLARED_SELECTOR = YES;
				GCC_WARN_UNINITIALIZED_AUTOS = YES_AGGRESSIVE;
				GCC_WARN_UNUSED_FUNCTION = YES;
				GCC_WARN_UNUSED_VARIABLE = YES;
				IPHONEOS_DEPLOYMENT_TARGET = 8.1;
				MTL_ENABLE_DEBUG_INFO = YES;
				ONLY_ACTIVE_ARCH = YES;
				SDKROOT = iphoneos;
				SWIFT_OPTIMIZATION_LEVEL = "-Onone";
				TARGETED_DEVICE_FAMILY = "1,2";
			};
			name = Debug;
		};
		E0FDFA341A9545CC00659871 /* Release */ = {
			isa = XCBuildConfiguration;
			buildSettings = {
				ALWAYS_SEARCH_USER_PATHS = NO;
				CLANG_CXX_LANGUAGE_STANDARD = "gnu++0x";
				CLANG_CXX_LIBRARY = "libc++";
				CLANG_ENABLE_MODULES = YES;
				CLANG_ENABLE_OBJC_ARC = YES;
				CLANG_WARN_BOOL_CONVERSION = YES;
				CLANG_WARN_CONSTANT_CONVERSION = YES;
				CLANG_WARN_DIRECT_OBJC_ISA_USAGE = YES_ERROR;
				CLANG_WARN_EMPTY_BODY = YES;
				CLANG_WARN_ENUM_CONVERSION = YES;
				CLANG_WARN_INT_CONVERSION = YES;
				CLANG_WARN_OBJC_ROOT_CLASS = YES_ERROR;
				CLANG_WARN_UNREACHABLE_CODE = YES;
				CLANG_WARN__DUPLICATE_METHOD_MATCH = YES;
				"CODE_SIGN_IDENTITY[sdk=iphoneos*]" = "iPhone Developer";
				COPY_PHASE_STRIP = YES;
				ENABLE_NS_ASSERTIONS = NO;
				ENABLE_STRICT_OBJC_MSGSEND = YES;
				GCC_C_LANGUAGE_STANDARD = gnu99;
				GCC_WARN_64_TO_32_BIT_CONVERSION = YES;
				GCC_WARN_ABOUT_RETURN_TYPE = YES_ERROR;
				GCC_WARN_UNDECLARED_SELECTOR = YES;
				GCC_WARN_UNINITIALIZED_AUTOS = YES_AGGRESSIVE;
				GCC_WARN_UNUSED_FUNCTION = YES;
				GCC_WARN_UNUSED_VARIABLE = YES;
				IPHONEOS_DEPLOYMENT_TARGET = 8.1;
				MTL_ENABLE_DEBUG_INFO = NO;
				SDKROOT = iphoneos;
				TARGETED_DEVICE_FAMILY = "1,2";
				VALIDATE_PRODUCT = YES;
			};
			name = Release;
		};
		E0FDFA361A9545CC00659871 /* Debug */ = {
			isa = XCBuildConfiguration;
			buildSettings = {
				ASSETCATALOG_COMPILER_APPICON_NAME = AppIcon;
				GCC_OPTIMIZATION_LEVEL = s;
				INFOPLIST_FILE = inscriptus/Info.plist;
				LD_RUNPATH_SEARCH_PATHS = "$(inherited) @executable_path/Frameworks";
				PRODUCT_NAME = "$(TARGET_NAME)";
				SWIFT_OPTIMIZATION_LEVEL = "-O";
			};
			name = Debug;
		};
		E0FDFA371A9545CC00659871 /* Release */ = {
			isa = XCBuildConfiguration;
			buildSettings = {
				ASSETCATALOG_COMPILER_APPICON_NAME = AppIcon;
				GCC_OPTIMIZATION_LEVEL = s;
				INFOPLIST_FILE = inscriptus/Info.plist;
				LD_RUNPATH_SEARCH_PATHS = "$(inherited) @executable_path/Frameworks";
				PRODUCT_NAME = "$(TARGET_NAME)";
			};
			name = Release;
		};
		E0FDFA391A9545CC00659871 /* Debug */ = {
			isa = XCBuildConfiguration;
			buildSettings = {
				BUNDLE_LOADER = "$(TEST_HOST)";
				CODE_SIGN_IDENTITY = "iPhone Developer";
				"CODE_SIGN_IDENTITY[sdk=iphoneos*]" = "iPhone Developer";
				FRAMEWORK_SEARCH_PATHS = (
					"$(SDKROOT)/Developer/Library/Frameworks",
					"$(inherited)",
				);
				GCC_PREPROCESSOR_DEFINITIONS = (
					"DEBUG=1",
					"$(inherited)",
				);
				INFOPLIST_FILE = inscriptusTests/Info.plist;
				LD_RUNPATH_SEARCH_PATHS = "$(inherited) @executable_path/Frameworks @loader_path/Frameworks";
				PRODUCT_NAME = "$(TARGET_NAME)";
				PROVISIONING_PROFILE = "";
				TEST_HOST = "$(BUILT_PRODUCTS_DIR)/inscriptus.app/inscriptus";
			};
			name = Debug;
		};
		E0FDFA3A1A9545CC00659871 /* Release */ = {
			isa = XCBuildConfiguration;
			buildSettings = {
				BUNDLE_LOADER = "$(TEST_HOST)";
				CODE_SIGN_IDENTITY = "iPhone Developer";
				"CODE_SIGN_IDENTITY[sdk=iphoneos*]" = "iPhone Developer";
				FRAMEWORK_SEARCH_PATHS = (
					"$(SDKROOT)/Developer/Library/Frameworks",
					"$(inherited)",
				);
				INFOPLIST_FILE = inscriptusTests/Info.plist;
				LD_RUNPATH_SEARCH_PATHS = "$(inherited) @executable_path/Frameworks @loader_path/Frameworks";
				PRODUCT_NAME = "$(TARGET_NAME)";
				PROVISIONING_PROFILE = "";
				TEST_HOST = "$(BUILT_PRODUCTS_DIR)/inscriptus.app/inscriptus";
			};
			name = Release;
		};
/* End XCBuildConfiguration section */

/* Begin XCConfigurationList section */
		E0FDFA0F1A9545CC00659871 /* Build configuration list for PBXProject "inscriptus" */ = {
			isa = XCConfigurationList;
			buildConfigurations = (
				E0FDFA331A9545CC00659871 /* Debug */,
				E0FDFA341A9545CC00659871 /* Release */,
			);
			defaultConfigurationIsVisible = 0;
			defaultConfigurationName = Release;
		};
		E0FDFA351A9545CC00659871 /* Build configuration list for PBXNativeTarget "inscriptus" */ = {
			isa = XCConfigurationList;
			buildConfigurations = (
				E0FDFA361A9545CC00659871 /* Debug */,
				E0FDFA371A9545CC00659871 /* Release */,
			);
			defaultConfigurationIsVisible = 0;
			defaultConfigurationName = Release;
		};
		E0FDFA381A9545CC00659871 /* Build configuration list for PBXNativeTarget "inscriptusTests" */ = {
			isa = XCConfigurationList;
			buildConfigurations = (
				E0FDFA391A9545CC00659871 /* Debug */,
				E0FDFA3A1A9545CC00659871 /* Release */,
			);
			defaultConfigurationIsVisible = 0;
			defaultConfigurationName = Release;
		};
/* End XCConfigurationList section */
	};
	rootObject = E0FDFA0C1A9545CC00659871 /* Project object */;
}
